<?xml version="1.0" encoding="utf-8"?>
<Project ToolsVersion="4.0" xmlns="http://schemas.microsoft.com/developer/msbuild/2003">
  <ItemGroup>
    <Filter Include="Headers">
      <UniqueIdentifier>{07592d0c-8121-4630-9bad-10a8c7bab20e}</UniqueIdentifier>
    </Filter>
    <Filter Include="Source">
      <UniqueIdentifier>{f34c0f80-6fa5-44fb-9ca0-1565cd67850e}</UniqueIdentifier>
    </Filter>
  </ItemGroup>
  <ItemGroup>
    <ClInclude Include="..\..\Include\oGUI\tests\oGUITests.h">
      <Filter>Headers</Filter>
    </ClInclude>
  </ItemGroup>
  <ItemGroup>
    <ClCompile Include="tests\TESTWindowControls.cpp">
      <Filter>Source</Filter>
    </ClCompile>
    <ClCompile Include="tests\TESTWindowSysDialog.cpp">
      <Filter>Source</Filter>
    </ClCompile>
    <ClCompile Include="tests\TESTWindowSysDialog_UI.cpp">
      <Filter>Source</Filter>
    </ClCompile>
  </ItemGroup>
</Project>