
Microsoft Visual Studio Solution File, Format Version 11.00
# Visual Studio 2010
Project("{8BC9CEB8-8B4A-11D0-8D11-00A0C91BC942}") = "oBasis", "Ouroboros\Source\oBasis\oBasis.vcxproj", "{0110F712-0D38-4A54-9849-52786B26481B}"
EndProject
Project("{8BC9CEB8-8B4A-11D0-8D11-00A0C91BC942}") = "oBasisTests", "Ouroboros\Source\oBasis\oBasisTests.vcxproj", "{AE94E4CC-860F-4F14-AFB3-BBAABF515551}"
EndProject
Project("{8BC9CEB8-8B4A-11D0-8D11-00A0C91BC942}") = "oPlatform", "Ouroboros\Source\oPlatform\oPlatform.vcxproj", "{8EB33511-EED5-48AC-99F9-EFA2A34BB2DD}"
EndProject
Project("{8BC9CEB8-8B4A-11D0-8D11-00A0C91BC942}") = "ofile2cpp", "Ouroboros\Source\oFile2cpp\ofile2cpp.vcxproj", "{D7283A6E-6614-4AD6-969C-54528F7432C3}"
EndProject
Project("{8BC9CEB8-8B4A-11D0-8D11-00A0C91BC942}") = "oUnitTests", "oUnitTests\oUnitTests.vcxproj", "{42F867E9-C145-466B-8515-C9633E1E7C6F}"
EndProject
Project("{2150E333-8FDC-42A3-9474-1A3956D46DE8}") = "Ouroboros", "Ouroboros", "{49229F7E-A82B-49CB-87EE-83CC4345149E}"
EndProject
Project("{2150E333-8FDC-42A3-9474-1A3956D46DE8}") = "Build Tools", "Build Tools", "{A214BB18-DD66-419A-B3BC-5501F35BAD93}"
EndProject
Project("{2150E333-8FDC-42A3-9474-1A3956D46DE8}") = "Concurrency Implementations", "Concurrency Implementations", "{270DE5E6-0E26-4CD2-9461-B52A57BB03E9}"
	ProjectSection(SolutionItems) = preProject
		Ouroboros\Source\oPlatform\Readme.txt = Ouroboros\Source\oPlatform\Readme.txt
	EndProjectSection
EndProject
Project("{8BC9CEB8-8B4A-11D0-8D11-00A0C91BC942}") = "oVer", "Ouroboros\Source\oVer\oVer.vcxproj", "{DB8DB6D0-FA12-4784-B780-F91C2F42E391}"
EndProject
Project("{8BC9CEB8-8B4A-11D0-8D11-00A0C91BC942}") = "oPlatformGeneric", "Ouroboros\Source\oPlatform\oPlatformGeneric.vcxproj", "{97C0ECA7-3408-4A01-8B7B-0A8A744A6F1A}"
EndProject
Project("{8BC9CEB8-8B4A-11D0-8D11-00A0C91BC942}") = "oPlatformPPL", "Ouroboros\Source\oPlatform\oPlatformPPL.vcxproj", "{FC430D93-BA04-4AF2-8B8A-E22548926221}"
EndProject
Project("{8BC9CEB8-8B4A-11D0-8D11-00A0C91BC942}") = "oPlatformSerial", "Ouroboros\Source\oPlatform\oPlatformSerial.vcxproj", "{FBFF8029-8D16-476F-8EE4-198D635624A1}"
EndProject
Project("{8BC9CEB8-8B4A-11D0-8D11-00A0C91BC942}") = "oPlatformTBB", "Ouroboros\Source\oPlatform\oPlatformTBB.vcxproj", "{98649FD9-CF7C-46EA-9E3D-297C53ACCBBB}"
EndProject
Project("{8BC9CEB8-8B4A-11D0-8D11-00A0C91BC942}") = "oGPU", "Ouroboros\Source\oGPU\oGPU.vcxproj", "{0BE2FC58-3F40-41A7-B734-CB99D978E7C3}"
EndProject
Project("{8BC9CEB8-8B4A-11D0-8D11-00A0C91BC942}") = "oGPUTests", "Ouroboros\Source\oGPU\oGPUTests.vcxproj", "{4A47DD9B-03E2-4F97-AB66-1222148F9AF1}"
EndProject
Global
	GlobalSection(SolutionConfigurationPlatforms) = preSolution
		Debug|Win32 = Debug|Win32
		Debug|x64 = Debug|x64
		Release|Win32 = Release|Win32
		Release|x64 = Release|x64
	EndGlobalSection
	GlobalSection(ProjectConfigurationPlatforms) = postSolution
		{0110F712-0D38-4A54-9849-52786B26481B}.Debug|Win32.ActiveCfg = Debug|Win32
		{0110F712-0D38-4A54-9849-52786B26481B}.Debug|Win32.Build.0 = Debug|Win32
		{0110F712-0D38-4A54-9849-52786B26481B}.Debug|x64.ActiveCfg = Debug|x64
		{0110F712-0D38-4A54-9849-52786B26481B}.Debug|x64.Build.0 = Debug|x64
		{0110F712-0D38-4A54-9849-52786B26481B}.Release|Win32.ActiveCfg = Release|Win32
		{0110F712-0D38-4A54-9849-52786B26481B}.Release|Win32.Build.0 = Release|Win32
		{0110F712-0D38-4A54-9849-52786B26481B}.Release|x64.ActiveCfg = Release|x64
		{0110F712-0D38-4A54-9849-52786B26481B}.Release|x64.Build.0 = Release|x64
		{AE94E4CC-860F-4F14-AFB3-BBAABF515551}.Debug|Win32.ActiveCfg = Debug|Win32
		{AE94E4CC-860F-4F14-AFB3-BBAABF515551}.Debug|Win32.Build.0 = Debug|Win32
		{AE94E4CC-860F-4F14-AFB3-BBAABF515551}.Debug|x64.ActiveCfg = Debug|x64
		{AE94E4CC-860F-4F14-AFB3-BBAABF515551}.Debug|x64.Build.0 = Debug|x64
		{AE94E4CC-860F-4F14-AFB3-BBAABF515551}.Release|Win32.ActiveCfg = Release|Win32
		{AE94E4CC-860F-4F14-AFB3-BBAABF515551}.Release|Win32.Build.0 = Release|Win32
		{AE94E4CC-860F-4F14-AFB3-BBAABF515551}.Release|x64.ActiveCfg = Release|x64
		{AE94E4CC-860F-4F14-AFB3-BBAABF515551}.Release|x64.Build.0 = Release|x64
		{8EB33511-EED5-48AC-99F9-EFA2A34BB2DD}.Debug|Win32.ActiveCfg = Debug|Win32
		{8EB33511-EED5-48AC-99F9-EFA2A34BB2DD}.Debug|Win32.Build.0 = Debug|Win32
		{8EB33511-EED5-48AC-99F9-EFA2A34BB2DD}.Debug|x64.ActiveCfg = Debug|x64
		{8EB33511-EED5-48AC-99F9-EFA2A34BB2DD}.Debug|x64.Build.0 = Debug|x64
		{8EB33511-EED5-48AC-99F9-EFA2A34BB2DD}.Release|Win32.ActiveCfg = Release|Win32
		{8EB33511-EED5-48AC-99F9-EFA2A34BB2DD}.Release|Win32.Build.0 = Release|Win32
		{8EB33511-EED5-48AC-99F9-EFA2A34BB2DD}.Release|x64.ActiveCfg = Release|x64
		{8EB33511-EED5-48AC-99F9-EFA2A34BB2DD}.Release|x64.Build.0 = Release|x64
		{D7283A6E-6614-4AD6-969C-54528F7432C3}.Debug|Win32.ActiveCfg = Debug|Win32
		{D7283A6E-6614-4AD6-969C-54528F7432C3}.Debug|Win32.Build.0 = Debug|Win32
		{D7283A6E-6614-4AD6-969C-54528F7432C3}.Debug|x64.ActiveCfg = Debug|x64
		{D7283A6E-6614-4AD6-969C-54528F7432C3}.Debug|x64.Build.0 = Debug|x64
		{D7283A6E-6614-4AD6-969C-54528F7432C3}.Release|Win32.ActiveCfg = Release|Win32
		{D7283A6E-6614-4AD6-969C-54528F7432C3}.Release|Win32.Build.0 = Release|Win32
		{D7283A6E-6614-4AD6-969C-54528F7432C3}.Release|x64.ActiveCfg = Release|x64
		{D7283A6E-6614-4AD6-969C-54528F7432C3}.Release|x64.Build.0 = Release|x64
		{42F867E9-C145-466B-8515-C9633E1E7C6F}.Debug|Win32.ActiveCfg = Debug|Win32
		{42F867E9-C145-466B-8515-C9633E1E7C6F}.Debug|Win32.Build.0 = Debug|Win32
		{42F867E9-C145-466B-8515-C9633E1E7C6F}.Debug|x64.ActiveCfg = Debug|x64
		{42F867E9-C145-466B-8515-C9633E1E7C6F}.Debug|x64.Build.0 = Debug|x64
		{42F867E9-C145-466B-8515-C9633E1E7C6F}.Release|Win32.ActiveCfg = Release|Win32
		{42F867E9-C145-466B-8515-C9633E1E7C6F}.Release|Win32.Build.0 = Release|Win32
		{42F867E9-C145-466B-8515-C9633E1E7C6F}.Release|x64.ActiveCfg = Release|x64
		{42F867E9-C145-466B-8515-C9633E1E7C6F}.Release|x64.Build.0 = Release|x64
		{DB8DB6D0-FA12-4784-B780-F91C2F42E391}.Debug|Win32.ActiveCfg = Debug|Win32
		{DB8DB6D0-FA12-4784-B780-F91C2F42E391}.Debug|Win32.Build.0 = Debug|Win32
		{DB8DB6D0-FA12-4784-B780-F91C2F42E391}.Debug|x64.ActiveCfg = Debug|x64
		{DB8DB6D0-FA12-4784-B780-F91C2F42E391}.Debug|x64.Build.0 = Debug|x64
		{DB8DB6D0-FA12-4784-B780-F91C2F42E391}.Release|Win32.ActiveCfg = Release|Win32
		{DB8DB6D0-FA12-4784-B780-F91C2F42E391}.Release|Win32.Build.0 = Release|Win32
		{DB8DB6D0-FA12-4784-B780-F91C2F42E391}.Release|x64.ActiveCfg = Release|x64
		{DB8DB6D0-FA12-4784-B780-F91C2F42E391}.Release|x64.Build.0 = Release|x64
		{97C0ECA7-3408-4A01-8B7B-0A8A744A6F1A}.Debug|Win32.ActiveCfg = Debug|Win32
		{97C0ECA7-3408-4A01-8B7B-0A8A744A6F1A}.Debug|Win32.Build.0 = Debug|Win32
		{97C0ECA7-3408-4A01-8B7B-0A8A744A6F1A}.Debug|x64.ActiveCfg = Debug|x64
		{97C0ECA7-3408-4A01-8B7B-0A8A744A6F1A}.Debug|x64.Build.0 = Debug|x64
		{97C0ECA7-3408-4A01-8B7B-0A8A744A6F1A}.Release|Win32.ActiveCfg = Release|Win32
		{97C0ECA7-3408-4A01-8B7B-0A8A744A6F1A}.Release|Win32.Build.0 = Release|Win32
		{97C0ECA7-3408-4A01-8B7B-0A8A744A6F1A}.Release|x64.ActiveCfg = Release|x64
		{97C0ECA7-3408-4A01-8B7B-0A8A744A6F1A}.Release|x64.Build.0 = Release|x64
		{FC430D93-BA04-4AF2-8B8A-E22548926221}.Debug|Win32.ActiveCfg = Debug|Win32
		{FC430D93-BA04-4AF2-8B8A-E22548926221}.Debug|Win32.Build.0 = Debug|Win32
		{FC430D93-BA04-4AF2-8B8A-E22548926221}.Debug|x64.ActiveCfg = Debug|x64
		{FC430D93-BA04-4AF2-8B8A-E22548926221}.Debug|x64.Build.0 = Debug|x64
		{FC430D93-BA04-4AF2-8B8A-E22548926221}.Release|Win32.ActiveCfg = Release|Win32
		{FC430D93-BA04-4AF2-8B8A-E22548926221}.Release|Win32.Build.0 = Release|Win32
		{FC430D93-BA04-4AF2-8B8A-E22548926221}.Release|x64.ActiveCfg = Release|x64
		{FC430D93-BA04-4AF2-8B8A-E22548926221}.Release|x64.Build.0 = Release|x64
		{FBFF8029-8D16-476F-8EE4-198D635624A1}.Debug|Win32.ActiveCfg = Debug|Win32
		{FBFF8029-8D16-476F-8EE4-198D635624A1}.Debug|Win32.Build.0 = Debug|Win32
		{FBFF8029-8D16-476F-8EE4-198D635624A1}.Debug|x64.ActiveCfg = Debug|x64
		{FBFF8029-8D16-476F-8EE4-198D635624A1}.Debug|x64.Build.0 = Debug|x64
		{FBFF8029-8D16-476F-8EE4-198D635624A1}.Release|Win32.ActiveCfg = Release|Win32
		{FBFF8029-8D16-476F-8EE4-198D635624A1}.Release|Win32.Build.0 = Release|Win32
		{FBFF8029-8D16-476F-8EE4-198D635624A1}.Release|x64.ActiveCfg = Release|x64
		{FBFF8029-8D16-476F-8EE4-198D635624A1}.Release|x64.Build.0 = Release|x64
		{98649FD9-CF7C-46EA-9E3D-297C53ACCBBB}.Debug|Win32.ActiveCfg = Debug|Win32
		{98649FD9-CF7C-46EA-9E3D-297C53ACCBBB}.Debug|Win32.Build.0 = Debug|Win32
		{98649FD9-CF7C-46EA-9E3D-297C53ACCBBB}.Debug|x64.ActiveCfg = Debug|x64
		{98649FD9-CF7C-46EA-9E3D-297C53ACCBBB}.Debug|x64.Build.0 = Debug|x64
		{98649FD9-CF7C-46EA-9E3D-297C53ACCBBB}.Release|Win32.ActiveCfg = Release|Win32
		{98649FD9-CF7C-46EA-9E3D-297C53ACCBBB}.Release|Win32.Build.0 = Release|Win32
		{98649FD9-CF7C-46EA-9E3D-297C53ACCBBB}.Release|x64.ActiveCfg = Release|x64
		{98649FD9-CF7C-46EA-9E3D-297C53ACCBBB}.Release|x64.Build.0 = Release|x64
		{0BE2FC58-3F40-41A7-B734-CB99D978E7C3}.Debug|Win32.ActiveCfg = Debug|Win32
		{0BE2FC58-3F40-41A7-B734-CB99D978E7C3}.Debug|Win32.Build.0 = Debug|Win32
		{0BE2FC58-3F40-41A7-B734-CB99D978E7C3}.Debug|x64.ActiveCfg = Debug|x64
		{0BE2FC58-3F40-41A7-B734-CB99D978E7C3}.Debug|x64.Build.0 = Debug|x64
		{0BE2FC58-3F40-41A7-B734-CB99D978E7C3}.Release|Win32.ActiveCfg = Release|Win32
		{0BE2FC58-3F40-41A7-B734-CB99D978E7C3}.Release|Win32.Build.0 = Release|Win32
		{0BE2FC58-3F40-41A7-B734-CB99D978E7C3}.Release|x64.ActiveCfg = Release|x64
		{0BE2FC58-3F40-41A7-B734-CB99D978E7C3}.Release|x64.Build.0 = Release|x64
		{4A47DD9B-03E2-4F97-AB66-1222148F9AF1}.Debug|Win32.ActiveCfg = Debug|Win32
		{4A47DD9B-03E2-4F97-AB66-1222148F9AF1}.Debug|Win32.Build.0 = Debug|Win32
		{4A47DD9B-03E2-4F97-AB66-1222148F9AF1}.Debug|x64.ActiveCfg = Debug|x64
		{4A47DD9B-03E2-4F97-AB66-1222148F9AF1}.Debug|x64.Build.0 = Debug|x64
		{4A47DD9B-03E2-4F97-AB66-1222148F9AF1}.Release|Win32.ActiveCfg = Release|Win32
		{4A47DD9B-03E2-4F97-AB66-1222148F9AF1}.Release|Win32.Build.0 = Release|Win32
		{4A47DD9B-03E2-4F97-AB66-1222148F9AF1}.Release|x64.ActiveCfg = Release|x64
		{4A47DD9B-03E2-4F97-AB66-1222148F9AF1}.Release|x64.Build.0 = Release|x64
	EndGlobalSection
	GlobalSection(SolutionProperties) = preSolution
		HideSolutionNode = FALSE
	EndGlobalSection
	GlobalSection(NestedProjects) = preSolution
		{AE94E4CC-860F-4F14-AFB3-BBAABF515551} = {49229F7E-A82B-49CB-87EE-83CC4345149E}
		{8EB33511-EED5-48AC-99F9-EFA2A34BB2DD} = {49229F7E-A82B-49CB-87EE-83CC4345149E}
		{A214BB18-DD66-419A-B3BC-5501F35BAD93} = {49229F7E-A82B-49CB-87EE-83CC4345149E}
		{0110F712-0D38-4A54-9849-52786B26481B} = {49229F7E-A82B-49CB-87EE-83CC4345149E}
		{270DE5E6-0E26-4CD2-9461-B52A57BB03E9} = {49229F7E-A82B-49CB-87EE-83CC4345149E}
		{0BE2FC58-3F40-41A7-B734-CB99D978E7C3} = {49229F7E-A82B-49CB-87EE-83CC4345149E}
		{4A47DD9B-03E2-4F97-AB66-1222148F9AF1} = {49229F7E-A82B-49CB-87EE-83CC4345149E}
		{D7283A6E-6614-4AD6-969C-54528F7432C3} = {A214BB18-DD66-419A-B3BC-5501F35BAD93}
		{DB8DB6D0-FA12-4784-B780-F91C2F42E391} = {A214BB18-DD66-419A-B3BC-5501F35BAD93}
		{97C0ECA7-3408-4A01-8B7B-0A8A744A6F1A} = {270DE5E6-0E26-4CD2-9461-B52A57BB03E9}
		{FC430D93-BA04-4AF2-8B8A-E22548926221} = {270DE5E6-0E26-4CD2-9461-B52A57BB03E9}
		{FBFF8029-8D16-476F-8EE4-198D635624A1} = {270DE5E6-0E26-4CD2-9461-B52A57BB03E9}
		{98649FD9-CF7C-46EA-9E3D-297C53ACCBBB} = {270DE5E6-0E26-4CD2-9461-B52A57BB03E9}
	EndGlobalSection
EndGlobal
