
Microsoft Visual Studio Solution File, Format Version 11.00
# Visual Studio 2010
Project("{8BC9CEB8-8B4A-11D0-8D11-00A0C91BC942}") = "oBasis", "Ouroboros\Source\oBasis\oBasis.vcxproj", "{0110F712-0D38-4A54-9849-52786B26481B}"
EndProject
Project("{8BC9CEB8-8B4A-11D0-8D11-00A0C91BC942}") = "oBasisTests", "Ouroboros\Source\oBasis\oBasisTests.vcxproj", "{AE94E4CC-860F-4F14-AFB3-BBAABF515551}"
EndProject
Project("{8BC9CEB8-8B4A-11D0-8D11-00A0C91BC942}") = "oPlatform", "Ouroboros\Source\oPlatform\oPlatform.vcxproj", "{8EB33511-EED5-48AC-99F9-EFA2A34BB2DD}"
EndProject
Project("{8BC9CEB8-8B4A-11D0-8D11-00A0C91BC942}") = "ofile2cpp", "Ouroboros\Source\oFile2cpp\ofile2cpp.vcxproj", "{D7283A6E-6614-4AD6-969C-54528F7432C3}"
EndProject
Project("{8BC9CEB8-8B4A-11D0-8D11-00A0C91BC942}") = "oUnitTests", "oUnitTests\oUnitTests.vcxproj", "{42F867E9-C145-466B-8515-C9633E1E7C6F}"
	ProjectSection(ProjectDependencies) = postProject
		{72EE4284-DF31-4D9F-B796-5DE7E2521D5D} = {72EE4284-DF31-4D9F-B796-5DE7E2521D5D}
	EndProjectSection
EndProject
Project("{2150E333-8FDC-42A3-9474-1A3956D46DE8}") = "Ouroboros", "Ouroboros", "{49229F7E-A82B-49CB-87EE-83CC4345149E}"
EndProject
Project("{2150E333-8FDC-42A3-9474-1A3956D46DE8}") = "Build Tools", "Build Tools", "{A214BB18-DD66-419A-B3BC-5501F35BAD93}"
EndProject
Project("{8BC9CEB8-8B4A-11D0-8D11-00A0C91BC942}") = "oVer", "Ouroboros\Source\oVer\oVer.vcxproj", "{DB8DB6D0-FA12-4784-B780-F91C2F42E391}"
EndProject
Project("{8BC9CEB8-8B4A-11D0-8D11-00A0C91BC942}") = "oGPU", "Ouroboros\Source\oGPU\oGPU.vcxproj", "{0BE2FC58-3F40-41A7-B734-CB99D978E7C3}"
EndProject
Project("{8BC9CEB8-8B4A-11D0-8D11-00A0C91BC942}") = "oGPUTests", "Ouroboros\Source\oGPU\oGPUTests.vcxproj", "{4A47DD9B-03E2-4F97-AB66-1222148F9AF1}"
EndProject
Project("{2150E333-8FDC-42A3-9474-1A3956D46DE8}") = "Unit Tests", "Unit Tests", "{61FA4EB1-7485-4903-80D6-631E7349C627}"
EndProject
Project("{8BC9CEB8-8B4A-11D0-8D11-00A0C91BC942}") = "oPlatformTests", "Ouroboros\Source\oPlatform\oPlatformTests.vcxproj", "{86158613-24C5-4B25-A043-88DD2EAD644C}"
EndProject
Project("{8BC9CEB8-8B4A-11D0-8D11-00A0C91BC942}") = "oStd", "Ouroboros\Source\oStd\oStd.vcxproj", "{6C467BDD-EEA7-4FF6-B594-26A760DF179F}"
EndProject
Project("{8BC9CEB8-8B4A-11D0-8D11-00A0C91BC942}") = "oGfx", "Ouroboros\Source\oGfx\oGfx.vcxproj", "{72EE4284-DF31-4D9F-B796-5DE7E2521D5D}"
EndProject
Project("{8BC9CEB8-8B4A-11D0-8D11-00A0C91BC942}") = "oAutoBuild", "Ouroboros\Source\oAutoBuild\oAutoBuild.vcxproj", "{B6F909C7-E985-4DC4-A855-658C7C12C2B5}"
EndProject
Project("{8BC9CEB8-8B4A-11D0-8D11-00A0C91BC942}") = "oVerPatch", "Ouroboros\Source\oVerPatch\oVerPatch.vcxproj", "{9B201A35-70FF-4CE2-8F00-31890A6196C0}"
EndProject
Project("{8BC9CEB8-8B4A-11D0-8D11-00A0C91BC942}") = "oComputeTests", "Ouroboros\Source\oCompute\oComputeTests.vcxproj", "{1638B61E-994A-4398-9126-08E0AD134FB9}"
EndProject
Project("{8BC9CEB8-8B4A-11D0-8D11-00A0C91BC942}") = "oConcurrencyTests", "Ouroboros\Source\oConcurrency\oConcurrencyTests.vcxproj", "{20A09CF6-97CE-4258-9F01-CFA2B1433DF3}"
EndProject
Project("{8BC9CEB8-8B4A-11D0-8D11-00A0C91BC942}") = "oStdTests", "Ouroboros\Source\oStd\oStdTests.vcxproj", "{7CBFB2E5-2BA4-43A0-9A61-B45E7D7E8978}"
EndProject
Project("{8BC9CEB8-8B4A-11D0-8D11-00A0C91BC942}") = "oCompute", "Ouroboros\Source\oCompute\oCompute.vcxproj", "{64E65A9E-FD6C-4B17-8FA7-A7D686CCEA42}"
EndProject
Project("{8BC9CEB8-8B4A-11D0-8D11-00A0C91BC942}") = "oConcurrency", "Ouroboros\Source\oConcurrency\oConcurrency.vcxproj", "{08EC5EA1-284B-4688-B14B-4BD9945061FB}"
EndProject
Project("{8BC9CEB8-8B4A-11D0-8D11-00A0C91BC942}") = "oHLSL", "Ouroboros\Source\oHLSL\oHLSL.vcxproj", "{AAE3C7D9-8124-4B5A-856C-4C5BF23CDB09}"
EndProject
Project("{8BC9CEB8-8B4A-11D0-8D11-00A0C91BC942}") = "oLauncher", "Ouroboros\Source\oLauncher\oLauncher.vcxproj", "{7660247A-70CD-472C-A61D-C863C59FB598}"
EndProject
Project("{2150E333-8FDC-42A3-9474-1A3956D46DE8}") = "Apps", "Apps", "{6D2DEECB-E53A-4E56-B553-2E531B068BA9}"
EndProject
Project("{2150E333-8FDC-42A3-9474-1A3956D46DE8}") = "Libs", "Libs", "{214923A8-7DC6-4CC0-ACE3-B40564F05945}"
EndProject
Project("{8BC9CEB8-8B4A-11D0-8D11-00A0C91BC942}") = "oKinect", "Ouroboros\Source\oKinect\oKinect.vcxproj", "{0DC2D3E8-1010-4EE2-9DBF-E5950C8CC860}"
EndProject
Project("{8BC9CEB8-8B4A-11D0-8D11-00A0C91BC942}") = "oKinectTestApp", "Ouroboros\Source\oKinectTestApp\oKinectTestApp.vcxproj", "{F4043C03-3302-462F-8756-5291E8E2CAF9}"
EndProject
Project("{8BC9CEB8-8B4A-11D0-8D11-00A0C91BC942}") = "oWindowTestApp", "Ouroboros\Source\oWindowTestApp\oWindowTestApp.vcxproj", "{0BD0AE0C-4BA5-434D-B381-F7A836CF0CB6}"
EndProject
Project("{8BC9CEB8-8B4A-11D0-8D11-00A0C91BC942}") = "oGPUWindowTestApp", "Ouroboros\Source\oGPUWindowTestApp\oGPUWindowTestApp.vcxproj", "{297F32B9-0DAE-4FF6-B8DE-47084058F4D9}"
EndProject
Global
	GlobalSection(SolutionConfigurationPlatforms) = preSolution
		Debug|Win32 = Debug|Win32
		Debug|x64 = Debug|x64
		Release|Win32 = Release|Win32
		Release|x64 = Release|x64
	EndGlobalSection
	GlobalSection(ProjectConfigurationPlatforms) = postSolution
		{0110F712-0D38-4A54-9849-52786B26481B}.Debug|Win32.ActiveCfg = Debug|Win32
		{0110F712-0D38-4A54-9849-52786B26481B}.Debug|Win32.Build.0 = Debug|Win32
		{0110F712-0D38-4A54-9849-52786B26481B}.Debug|x64.ActiveCfg = Debug|x64
		{0110F712-0D38-4A54-9849-52786B26481B}.Debug|x64.Build.0 = Debug|x64
		{0110F712-0D38-4A54-9849-52786B26481B}.Release|Win32.ActiveCfg = Release|Win32
		{0110F712-0D38-4A54-9849-52786B26481B}.Release|Win32.Build.0 = Release|Win32
		{0110F712-0D38-4A54-9849-52786B26481B}.Release|x64.ActiveCfg = Release|x64
		{0110F712-0D38-4A54-9849-52786B26481B}.Release|x64.Build.0 = Release|x64
		{AE94E4CC-860F-4F14-AFB3-BBAABF515551}.Debug|Win32.ActiveCfg = Debug|Win32
		{AE94E4CC-860F-4F14-AFB3-BBAABF515551}.Debug|Win32.Build.0 = Debug|Win32
		{AE94E4CC-860F-4F14-AFB3-BBAABF515551}.Debug|x64.ActiveCfg = Debug|x64
		{AE94E4CC-860F-4F14-AFB3-BBAABF515551}.Debug|x64.Build.0 = Debug|x64
		{AE94E4CC-860F-4F14-AFB3-BBAABF515551}.Release|Win32.ActiveCfg = Release|Win32
		{AE94E4CC-860F-4F14-AFB3-BBAABF515551}.Release|Win32.Build.0 = Release|Win32
		{AE94E4CC-860F-4F14-AFB3-BBAABF515551}.Release|x64.ActiveCfg = Release|x64
		{AE94E4CC-860F-4F14-AFB3-BBAABF515551}.Release|x64.Build.0 = Release|x64
		{8EB33511-EED5-48AC-99F9-EFA2A34BB2DD}.Debug|Win32.ActiveCfg = Debug|Win32
		{8EB33511-EED5-48AC-99F9-EFA2A34BB2DD}.Debug|Win32.Build.0 = Debug|Win32
		{8EB33511-EED5-48AC-99F9-EFA2A34BB2DD}.Debug|x64.ActiveCfg = Debug|x64
		{8EB33511-EED5-48AC-99F9-EFA2A34BB2DD}.Debug|x64.Build.0 = Debug|x64
		{8EB33511-EED5-48AC-99F9-EFA2A34BB2DD}.Release|Win32.ActiveCfg = Release|Win32
		{8EB33511-EED5-48AC-99F9-EFA2A34BB2DD}.Release|Win32.Build.0 = Release|Win32
		{8EB33511-EED5-48AC-99F9-EFA2A34BB2DD}.Release|x64.ActiveCfg = Release|x64
		{8EB33511-EED5-48AC-99F9-EFA2A34BB2DD}.Release|x64.Build.0 = Release|x64
		{D7283A6E-6614-4AD6-969C-54528F7432C3}.Debug|Win32.ActiveCfg = Debug|Win32
		{D7283A6E-6614-4AD6-969C-54528F7432C3}.Debug|Win32.Build.0 = Debug|Win32
		{D7283A6E-6614-4AD6-969C-54528F7432C3}.Debug|x64.ActiveCfg = Debug|x64
		{D7283A6E-6614-4AD6-969C-54528F7432C3}.Debug|x64.Build.0 = Debug|x64
		{D7283A6E-6614-4AD6-969C-54528F7432C3}.Release|Win32.ActiveCfg = Release|Win32
		{D7283A6E-6614-4AD6-969C-54528F7432C3}.Release|Win32.Build.0 = Release|Win32
		{D7283A6E-6614-4AD6-969C-54528F7432C3}.Release|x64.ActiveCfg = Release|x64
		{D7283A6E-6614-4AD6-969C-54528F7432C3}.Release|x64.Build.0 = Release|x64
		{42F867E9-C145-466B-8515-C9633E1E7C6F}.Debug|Win32.ActiveCfg = Debug|Win32
		{42F867E9-C145-466B-8515-C9633E1E7C6F}.Debug|Win32.Build.0 = Debug|Win32
		{42F867E9-C145-466B-8515-C9633E1E7C6F}.Debug|x64.ActiveCfg = Debug|x64
		{42F867E9-C145-466B-8515-C9633E1E7C6F}.Debug|x64.Build.0 = Debug|x64
		{42F867E9-C145-466B-8515-C9633E1E7C6F}.Release|Win32.ActiveCfg = Release|Win32
		{42F867E9-C145-466B-8515-C9633E1E7C6F}.Release|Win32.Build.0 = Release|Win32
		{42F867E9-C145-466B-8515-C9633E1E7C6F}.Release|x64.ActiveCfg = Release|x64
		{42F867E9-C145-466B-8515-C9633E1E7C6F}.Release|x64.Build.0 = Release|x64
		{DB8DB6D0-FA12-4784-B780-F91C2F42E391}.Debug|Win32.ActiveCfg = Debug|Win32
		{DB8DB6D0-FA12-4784-B780-F91C2F42E391}.Debug|Win32.Build.0 = Debug|Win32
		{DB8DB6D0-FA12-4784-B780-F91C2F42E391}.Debug|x64.ActiveCfg = Debug|x64
		{DB8DB6D0-FA12-4784-B780-F91C2F42E391}.Debug|x64.Build.0 = Debug|x64
		{DB8DB6D0-FA12-4784-B780-F91C2F42E391}.Release|Win32.ActiveCfg = Release|Win32
		{DB8DB6D0-FA12-4784-B780-F91C2F42E391}.Release|Win32.Build.0 = Release|Win32
		{DB8DB6D0-FA12-4784-B780-F91C2F42E391}.Release|x64.ActiveCfg = Release|x64
		{DB8DB6D0-FA12-4784-B780-F91C2F42E391}.Release|x64.Build.0 = Release|x64
		{0BE2FC58-3F40-41A7-B734-CB99D978E7C3}.Debug|Win32.ActiveCfg = Debug|Win32
		{0BE2FC58-3F40-41A7-B734-CB99D978E7C3}.Debug|Win32.Build.0 = Debug|Win32
		{0BE2FC58-3F40-41A7-B734-CB99D978E7C3}.Debug|x64.ActiveCfg = Debug|x64
		{0BE2FC58-3F40-41A7-B734-CB99D978E7C3}.Debug|x64.Build.0 = Debug|x64
		{0BE2FC58-3F40-41A7-B734-CB99D978E7C3}.Release|Win32.ActiveCfg = Release|Win32
		{0BE2FC58-3F40-41A7-B734-CB99D978E7C3}.Release|Win32.Build.0 = Release|Win32
		{0BE2FC58-3F40-41A7-B734-CB99D978E7C3}.Release|x64.ActiveCfg = Release|x64
		{0BE2FC58-3F40-41A7-B734-CB99D978E7C3}.Release|x64.Build.0 = Release|x64
		{4A47DD9B-03E2-4F97-AB66-1222148F9AF1}.Debug|Win32.ActiveCfg = Debug|Win32
		{4A47DD9B-03E2-4F97-AB66-1222148F9AF1}.Debug|Win32.Build.0 = Debug|Win32
		{4A47DD9B-03E2-4F97-AB66-1222148F9AF1}.Debug|x64.ActiveCfg = Debug|x64
		{4A47DD9B-03E2-4F97-AB66-1222148F9AF1}.Debug|x64.Build.0 = Debug|x64
		{4A47DD9B-03E2-4F97-AB66-1222148F9AF1}.Release|Win32.ActiveCfg = Release|Win32
		{4A47DD9B-03E2-4F97-AB66-1222148F9AF1}.Release|Win32.Build.0 = Release|Win32
		{4A47DD9B-03E2-4F97-AB66-1222148F9AF1}.Release|x64.ActiveCfg = Release|x64
		{4A47DD9B-03E2-4F97-AB66-1222148F9AF1}.Release|x64.Build.0 = Release|x64
		{86158613-24C5-4B25-A043-88DD2EAD644C}.Debug|Win32.ActiveCfg = Debug|Win32
		{86158613-24C5-4B25-A043-88DD2EAD644C}.Debug|Win32.Build.0 = Debug|Win32
		{86158613-24C5-4B25-A043-88DD2EAD644C}.Debug|x64.ActiveCfg = Debug|x64
		{86158613-24C5-4B25-A043-88DD2EAD644C}.Debug|x64.Build.0 = Debug|x64
		{86158613-24C5-4B25-A043-88DD2EAD644C}.Release|Win32.ActiveCfg = Release|Win32
		{86158613-24C5-4B25-A043-88DD2EAD644C}.Release|Win32.Build.0 = Release|Win32
		{86158613-24C5-4B25-A043-88DD2EAD644C}.Release|x64.ActiveCfg = Release|x64
		{86158613-24C5-4B25-A043-88DD2EAD644C}.Release|x64.Build.0 = Release|x64
		{6C467BDD-EEA7-4FF6-B594-26A760DF179F}.Debug|Win32.ActiveCfg = Debug|Win32
		{6C467BDD-EEA7-4FF6-B594-26A760DF179F}.Debug|Win32.Build.0 = Debug|Win32
		{6C467BDD-EEA7-4FF6-B594-26A760DF179F}.Debug|x64.ActiveCfg = Debug|x64
		{6C467BDD-EEA7-4FF6-B594-26A760DF179F}.Debug|x64.Build.0 = Debug|x64
		{6C467BDD-EEA7-4FF6-B594-26A760DF179F}.Release|Win32.ActiveCfg = Release|Win32
		{6C467BDD-EEA7-4FF6-B594-26A760DF179F}.Release|Win32.Build.0 = Release|Win32
		{6C467BDD-EEA7-4FF6-B594-26A760DF179F}.Release|x64.ActiveCfg = Release|x64
		{6C467BDD-EEA7-4FF6-B594-26A760DF179F}.Release|x64.Build.0 = Release|x64
		{72EE4284-DF31-4D9F-B796-5DE7E2521D5D}.Debug|Win32.ActiveCfg = Debug|Win32
		{72EE4284-DF31-4D9F-B796-5DE7E2521D5D}.Debug|Win32.Build.0 = Debug|Win32
		{72EE4284-DF31-4D9F-B796-5DE7E2521D5D}.Debug|x64.ActiveCfg = Debug|x64
		{72EE4284-DF31-4D9F-B796-5DE7E2521D5D}.Debug|x64.Build.0 = Debug|x64
		{72EE4284-DF31-4D9F-B796-5DE7E2521D5D}.Release|Win32.ActiveCfg = Release|Win32
		{72EE4284-DF31-4D9F-B796-5DE7E2521D5D}.Release|Win32.Build.0 = Release|Win32
		{72EE4284-DF31-4D9F-B796-5DE7E2521D5D}.Release|x64.ActiveCfg = Release|x64
		{72EE4284-DF31-4D9F-B796-5DE7E2521D5D}.Release|x64.Build.0 = Release|x64
		{B6F909C7-E985-4DC4-A855-658C7C12C2B5}.Debug|Win32.ActiveCfg = Debug|Win32
		{B6F909C7-E985-4DC4-A855-658C7C12C2B5}.Debug|Win32.Build.0 = Debug|Win32
		{B6F909C7-E985-4DC4-A855-658C7C12C2B5}.Debug|x64.ActiveCfg = Debug|x64
		{B6F909C7-E985-4DC4-A855-658C7C12C2B5}.Debug|x64.Build.0 = Debug|x64
		{B6F909C7-E985-4DC4-A855-658C7C12C2B5}.Release|Win32.ActiveCfg = Release|Win32
		{B6F909C7-E985-4DC4-A855-658C7C12C2B5}.Release|Win32.Build.0 = Release|Win32
		{B6F909C7-E985-4DC4-A855-658C7C12C2B5}.Release|x64.ActiveCfg = Release|x64
		{B6F909C7-E985-4DC4-A855-658C7C12C2B5}.Release|x64.Build.0 = Release|x64
		{9B201A35-70FF-4CE2-8F00-31890A6196C0}.Debug|Win32.ActiveCfg = Debug|Win32
		{9B201A35-70FF-4CE2-8F00-31890A6196C0}.Debug|Win32.Build.0 = Debug|Win32
		{9B201A35-70FF-4CE2-8F00-31890A6196C0}.Debug|x64.ActiveCfg = Debug|x64
		{9B201A35-70FF-4CE2-8F00-31890A6196C0}.Debug|x64.Build.0 = Debug|x64
		{9B201A35-70FF-4CE2-8F00-31890A6196C0}.Release|Win32.ActiveCfg = Release|Win32
		{9B201A35-70FF-4CE2-8F00-31890A6196C0}.Release|Win32.Build.0 = Release|Win32
		{9B201A35-70FF-4CE2-8F00-31890A6196C0}.Release|x64.ActiveCfg = Release|x64
		{9B201A35-70FF-4CE2-8F00-31890A6196C0}.Release|x64.Build.0 = Release|x64
		{1638B61E-994A-4398-9126-08E0AD134FB9}.Debug|Win32.ActiveCfg = Debug|Win32
		{1638B61E-994A-4398-9126-08E0AD134FB9}.Debug|Win32.Build.0 = Debug|Win32
		{1638B61E-994A-4398-9126-08E0AD134FB9}.Debug|x64.ActiveCfg = Debug|x64
		{1638B61E-994A-4398-9126-08E0AD134FB9}.Debug|x64.Build.0 = Debug|x64
		{1638B61E-994A-4398-9126-08E0AD134FB9}.Release|Win32.ActiveCfg = Release|Win32
		{1638B61E-994A-4398-9126-08E0AD134FB9}.Release|Win32.Build.0 = Release|Win32
		{1638B61E-994A-4398-9126-08E0AD134FB9}.Release|x64.ActiveCfg = Release|x64
		{1638B61E-994A-4398-9126-08E0AD134FB9}.Release|x64.Build.0 = Release|x64
		{20A09CF6-97CE-4258-9F01-CFA2B1433DF3}.Debug|Win32.ActiveCfg = Debug|Win32
		{20A09CF6-97CE-4258-9F01-CFA2B1433DF3}.Debug|Win32.Build.0 = Debug|Win32
		{20A09CF6-97CE-4258-9F01-CFA2B1433DF3}.Debug|x64.ActiveCfg = Debug|x64
		{20A09CF6-97CE-4258-9F01-CFA2B1433DF3}.Debug|x64.Build.0 = Debug|x64
		{20A09CF6-97CE-4258-9F01-CFA2B1433DF3}.Release|Win32.ActiveCfg = Release|Win32
		{20A09CF6-97CE-4258-9F01-CFA2B1433DF3}.Release|Win32.Build.0 = Release|Win32
		{20A09CF6-97CE-4258-9F01-CFA2B1433DF3}.Release|x64.ActiveCfg = Release|x64
		{20A09CF6-97CE-4258-9F01-CFA2B1433DF3}.Release|x64.Build.0 = Release|x64
		{7CBFB2E5-2BA4-43A0-9A61-B45E7D7E8978}.Debug|Win32.ActiveCfg = Debug|Win32
		{7CBFB2E5-2BA4-43A0-9A61-B45E7D7E8978}.Debug|Win32.Build.0 = Debug|Win32
		{7CBFB2E5-2BA4-43A0-9A61-B45E7D7E8978}.Debug|x64.ActiveCfg = Debug|x64
		{7CBFB2E5-2BA4-43A0-9A61-B45E7D7E8978}.Debug|x64.Build.0 = Debug|x64
		{7CBFB2E5-2BA4-43A0-9A61-B45E7D7E8978}.Release|Win32.ActiveCfg = Release|Win32
		{7CBFB2E5-2BA4-43A0-9A61-B45E7D7E8978}.Release|Win32.Build.0 = Release|Win32
		{7CBFB2E5-2BA4-43A0-9A61-B45E7D7E8978}.Release|x64.ActiveCfg = Release|x64
		{7CBFB2E5-2BA4-43A0-9A61-B45E7D7E8978}.Release|x64.Build.0 = Release|x64
		{64E65A9E-FD6C-4B17-8FA7-A7D686CCEA42}.Debug|Win32.ActiveCfg = Debug|Win32
		{64E65A9E-FD6C-4B17-8FA7-A7D686CCEA42}.Debug|Win32.Build.0 = Debug|Win32
		{64E65A9E-FD6C-4B17-8FA7-A7D686CCEA42}.Debug|x64.ActiveCfg = Debug|x64
		{64E65A9E-FD6C-4B17-8FA7-A7D686CCEA42}.Debug|x64.Build.0 = Debug|x64
		{64E65A9E-FD6C-4B17-8FA7-A7D686CCEA42}.Release|Win32.ActiveCfg = Release|Win32
		{64E65A9E-FD6C-4B17-8FA7-A7D686CCEA42}.Release|Win32.Build.0 = Release|Win32
		{64E65A9E-FD6C-4B17-8FA7-A7D686CCEA42}.Release|x64.ActiveCfg = Release|x64
		{64E65A9E-FD6C-4B17-8FA7-A7D686CCEA42}.Release|x64.Build.0 = Release|x64
		{08EC5EA1-284B-4688-B14B-4BD9945061FB}.Debug|Win32.ActiveCfg = Debug|Win32
		{08EC5EA1-284B-4688-B14B-4BD9945061FB}.Debug|Win32.Build.0 = Debug|Win32
		{08EC5EA1-284B-4688-B14B-4BD9945061FB}.Debug|x64.ActiveCfg = Debug|x64
		{08EC5EA1-284B-4688-B14B-4BD9945061FB}.Debug|x64.Build.0 = Debug|x64
		{08EC5EA1-284B-4688-B14B-4BD9945061FB}.Release|Win32.ActiveCfg = Release|Win32
		{08EC5EA1-284B-4688-B14B-4BD9945061FB}.Release|Win32.Build.0 = Release|Win32
		{08EC5EA1-284B-4688-B14B-4BD9945061FB}.Release|x64.ActiveCfg = Release|x64
		{08EC5EA1-284B-4688-B14B-4BD9945061FB}.Release|x64.Build.0 = Release|x64
		{AAE3C7D9-8124-4B5A-856C-4C5BF23CDB09}.Debug|Win32.ActiveCfg = Debug|Win32
		{AAE3C7D9-8124-4B5A-856C-4C5BF23CDB09}.Debug|Win32.Build.0 = Debug|Win32
		{AAE3C7D9-8124-4B5A-856C-4C5BF23CDB09}.Debug|x64.ActiveCfg = Debug|x64
		{AAE3C7D9-8124-4B5A-856C-4C5BF23CDB09}.Debug|x64.Build.0 = Debug|x64
		{AAE3C7D9-8124-4B5A-856C-4C5BF23CDB09}.Release|Win32.ActiveCfg = Release|Win32
		{AAE3C7D9-8124-4B5A-856C-4C5BF23CDB09}.Release|Win32.Build.0 = Release|Win32
		{AAE3C7D9-8124-4B5A-856C-4C5BF23CDB09}.Release|x64.ActiveCfg = Release|x64
		{AAE3C7D9-8124-4B5A-856C-4C5BF23CDB09}.Release|x64.Build.0 = Release|x64
		{7660247A-70CD-472C-A61D-C863C59FB598}.Debug|Win32.ActiveCfg = Debug|Win32
		{7660247A-70CD-472C-A61D-C863C59FB598}.Debug|Win32.Build.0 = Debug|Win32
		{7660247A-70CD-472C-A61D-C863C59FB598}.Debug|x64.ActiveCfg = Debug|x64
		{7660247A-70CD-472C-A61D-C863C59FB598}.Debug|x64.Build.0 = Debug|x64
		{7660247A-70CD-472C-A61D-C863C59FB598}.Release|Win32.ActiveCfg = Release|Win32
		{7660247A-70CD-472C-A61D-C863C59FB598}.Release|Win32.Build.0 = Release|Win32
		{7660247A-70CD-472C-A61D-C863C59FB598}.Release|x64.ActiveCfg = Release|x64
		{7660247A-70CD-472C-A61D-C863C59FB598}.Release|x64.Build.0 = Release|x64
		{0DC2D3E8-1010-4EE2-9DBF-E5950C8CC860}.Debug|Win32.ActiveCfg = Debug|Win32
		{0DC2D3E8-1010-4EE2-9DBF-E5950C8CC860}.Debug|Win32.Build.0 = Debug|Win32
		{0DC2D3E8-1010-4EE2-9DBF-E5950C8CC860}.Debug|x64.ActiveCfg = Debug|x64
		{0DC2D3E8-1010-4EE2-9DBF-E5950C8CC860}.Debug|x64.Build.0 = Debug|x64
		{0DC2D3E8-1010-4EE2-9DBF-E5950C8CC860}.Release|Win32.ActiveCfg = Release|Win32
		{0DC2D3E8-1010-4EE2-9DBF-E5950C8CC860}.Release|Win32.Build.0 = Release|Win32
		{0DC2D3E8-1010-4EE2-9DBF-E5950C8CC860}.Release|x64.ActiveCfg = Release|x64
		{0DC2D3E8-1010-4EE2-9DBF-E5950C8CC860}.Release|x64.Build.0 = Release|x64
		{F4043C03-3302-462F-8756-5291E8E2CAF9}.Debug|Win32.ActiveCfg = Debug|Win32
		{F4043C03-3302-462F-8756-5291E8E2CAF9}.Debug|Win32.Build.0 = Debug|Win32
		{F4043C03-3302-462F-8756-5291E8E2CAF9}.Debug|x64.ActiveCfg = Debug|x64
		{F4043C03-3302-462F-8756-5291E8E2CAF9}.Debug|x64.Build.0 = Debug|x64
		{F4043C03-3302-462F-8756-5291E8E2CAF9}.Release|Win32.ActiveCfg = Release|Win32
		{F4043C03-3302-462F-8756-5291E8E2CAF9}.Release|Win32.Build.0 = Release|Win32
		{F4043C03-3302-462F-8756-5291E8E2CAF9}.Release|x64.ActiveCfg = Release|x64
		{F4043C03-3302-462F-8756-5291E8E2CAF9}.Release|x64.Build.0 = Release|x64
		{0BD0AE0C-4BA5-434D-B381-F7A836CF0CB6}.Debug|Win32.ActiveCfg = Debug|Win32
		{0BD0AE0C-4BA5-434D-B381-F7A836CF0CB6}.Debug|Win32.Build.0 = Debug|Win32
		{0BD0AE0C-4BA5-434D-B381-F7A836CF0CB6}.Debug|x64.ActiveCfg = Debug|x64
		{0BD0AE0C-4BA5-434D-B381-F7A836CF0CB6}.Debug|x64.Build.0 = Debug|x64
		{0BD0AE0C-4BA5-434D-B381-F7A836CF0CB6}.Release|Win32.ActiveCfg = Release|Win32
		{0BD0AE0C-4BA5-434D-B381-F7A836CF0CB6}.Release|Win32.Build.0 = Release|Win32
		{0BD0AE0C-4BA5-434D-B381-F7A836CF0CB6}.Release|x64.ActiveCfg = Release|x64
		{0BD0AE0C-4BA5-434D-B381-F7A836CF0CB6}.Release|x64.Build.0 = Release|x64
		{297F32B9-0DAE-4FF6-B8DE-47084058F4D9}.Debug|Win32.ActiveCfg = Debug|Win32
		{297F32B9-0DAE-4FF6-B8DE-47084058F4D9}.Debug|Win32.Build.0 = Debug|Win32
		{297F32B9-0DAE-4FF6-B8DE-47084058F4D9}.Debug|x64.ActiveCfg = Debug|x64
		{297F32B9-0DAE-4FF6-B8DE-47084058F4D9}.Debug|x64.Build.0 = Debug|x64
		{297F32B9-0DAE-4FF6-B8DE-47084058F4D9}.Release|Win32.ActiveCfg = Release|Win32
		{297F32B9-0DAE-4FF6-B8DE-47084058F4D9}.Release|Win32.Build.0 = Release|Win32
		{297F32B9-0DAE-4FF6-B8DE-47084058F4D9}.Release|x64.ActiveCfg = Release|x64
		{297F32B9-0DAE-4FF6-B8DE-47084058F4D9}.Release|x64.Build.0 = Release|x64
	EndGlobalSection
	GlobalSection(SolutionProperties) = preSolution
		HideSolutionNode = FALSE
	EndGlobalSection
	GlobalSection(NestedProjects) = preSolution
		{214923A8-7DC6-4CC0-ACE3-B40564F05945} = {49229F7E-A82B-49CB-87EE-83CC4345149E}
		{6D2DEECB-E53A-4E56-B553-2E531B068BA9} = {49229F7E-A82B-49CB-87EE-83CC4345149E}
		{8EB33511-EED5-48AC-99F9-EFA2A34BB2DD} = {214923A8-7DC6-4CC0-ACE3-B40564F05945}
		{0110F712-0D38-4A54-9849-52786B26481B} = {214923A8-7DC6-4CC0-ACE3-B40564F05945}
		{0BE2FC58-3F40-41A7-B734-CB99D978E7C3} = {214923A8-7DC6-4CC0-ACE3-B40564F05945}
		{61FA4EB1-7485-4903-80D6-631E7349C627} = {214923A8-7DC6-4CC0-ACE3-B40564F05945}
		{6C467BDD-EEA7-4FF6-B594-26A760DF179F} = {214923A8-7DC6-4CC0-ACE3-B40564F05945}
		{72EE4284-DF31-4D9F-B796-5DE7E2521D5D} = {214923A8-7DC6-4CC0-ACE3-B40564F05945}
		{64E65A9E-FD6C-4B17-8FA7-A7D686CCEA42} = {214923A8-7DC6-4CC0-ACE3-B40564F05945}
		{08EC5EA1-284B-4688-B14B-4BD9945061FB} = {214923A8-7DC6-4CC0-ACE3-B40564F05945}
		{AAE3C7D9-8124-4B5A-856C-4C5BF23CDB09} = {214923A8-7DC6-4CC0-ACE3-B40564F05945}
		{0DC2D3E8-1010-4EE2-9DBF-E5950C8CC860} = {214923A8-7DC6-4CC0-ACE3-B40564F05945}
		{42F867E9-C145-466B-8515-C9633E1E7C6F} = {6D2DEECB-E53A-4E56-B553-2E531B068BA9}
		{A214BB18-DD66-419A-B3BC-5501F35BAD93} = {6D2DEECB-E53A-4E56-B553-2E531B068BA9}
		{7660247A-70CD-472C-A61D-C863C59FB598} = {6D2DEECB-E53A-4E56-B553-2E531B068BA9}
		{F4043C03-3302-462F-8756-5291E8E2CAF9} = {6D2DEECB-E53A-4E56-B553-2E531B068BA9}
		{0BD0AE0C-4BA5-434D-B381-F7A836CF0CB6} = {6D2DEECB-E53A-4E56-B553-2E531B068BA9}
		{297F32B9-0DAE-4FF6-B8DE-47084058F4D9} = {6D2DEECB-E53A-4E56-B553-2E531B068BA9}
		{DB8DB6D0-FA12-4784-B780-F91C2F42E391} = {A214BB18-DD66-419A-B3BC-5501F35BAD93}
		{B6F909C7-E985-4DC4-A855-658C7C12C2B5} = {A214BB18-DD66-419A-B3BC-5501F35BAD93}
		{9B201A35-70FF-4CE2-8F00-31890A6196C0} = {A214BB18-DD66-419A-B3BC-5501F35BAD93}
		{D7283A6E-6614-4AD6-969C-54528F7432C3} = {A214BB18-DD66-419A-B3BC-5501F35BAD93}
		{4A47DD9B-03E2-4F97-AB66-1222148F9AF1} = {61FA4EB1-7485-4903-80D6-631E7349C627}
		{86158613-24C5-4B25-A043-88DD2EAD644C} = {61FA4EB1-7485-4903-80D6-631E7349C627}
		{1638B61E-994A-4398-9126-08E0AD134FB9} = {61FA4EB1-7485-4903-80D6-631E7349C627}
		{20A09CF6-97CE-4258-9F01-CFA2B1433DF3} = {61FA4EB1-7485-4903-80D6-631E7349C627}
		{7CBFB2E5-2BA4-43A0-9A61-B45E7D7E8978} = {61FA4EB1-7485-4903-80D6-631E7349C627}
		{AE94E4CC-860F-4F14-AFB3-BBAABF515551} = {61FA4EB1-7485-4903-80D6-631E7349C627}
	EndGlobalSection
EndGlobal
