<?xml version="1.0" encoding="utf-8"?>
<Project ToolsVersion="4.0" xmlns="http://schemas.microsoft.com/developer/msbuild/2003">
  <ItemGroup>
    <Filter Include="Headers">
      <UniqueIdentifier>{1eeb8a20-6d58-4c0b-8105-d5c4f49fbfe1}</UniqueIdentifier>
    </Filter>
    <Filter Include="Source">
      <UniqueIdentifier>{c235964e-f371-4fb3-aecf-03fbeffa0190}</UniqueIdentifier>
    </Filter>
  </ItemGroup>
  <ItemGroup>
    <ClCompile Include="Tests\TESTadapter.cpp">
      <Filter>Source</Filter>
    </ClCompile>
    <ClCompile Include="Tests\TESTfilesystem.cpp">
      <Filter>Source</Filter>
    </ClCompile>
    <ClCompile Include="Tests\TESTcpu.cpp">
      <Filter>Source</Filter>
    </ClCompile>
    <ClCompile Include="Tests\TESTdebugger.cpp">
      <Filter>Source</Filter>
    </ClCompile>
    <ClCompile Include="Tests\TESTcamera.cpp">
      <Filter>Source</Filter>
    </ClCompile>
  </ItemGroup>
  <ItemGroup>
    <ClInclude Include="..\..\Include\oCore\tests\oCoreTestRequirements.h">
      <Filter>Headers</Filter>
    </ClInclude>
    <ClInclude Include="..\..\Include\oCore\tests\oCoreTests.h">
      <Filter>Headers</Filter>
    </ClInclude>
  </ItemGroup>
</Project>