<?xml version="1.0" encoding="utf-8"?>
<Project ToolsVersion="4.0" xmlns="http://schemas.microsoft.com/developer/msbuild/2003">
  <ItemGroup>
    <Filter Include="Headers">
      <UniqueIdentifier>{dda806aa-13b7-4374-9528-25e1c324c232}</UniqueIdentifier>
    </Filter>
    <Filter Include="Source">
      <UniqueIdentifier>{e9fa3a3c-463d-4016-bdc6-781a07097559}</UniqueIdentifier>
    </Filter>
    <Filter Include="Headers\IO">
      <UniqueIdentifier>{f2e9a500-bf70-4551-a87c-16ccf6b58983}</UniqueIdentifier>
    </Filter>
    <Filter Include="Headers\Memory">
      <UniqueIdentifier>{407e7a63-710b-49c2-97b3-d6280cb12154}</UniqueIdentifier>
    </Filter>
    <Filter Include="Headers\UI">
      <UniqueIdentifier>{af021ec5-012f-4603-b440-708fe0820896}</UniqueIdentifier>
    </Filter>
    <Filter Include="Source\Memory">
      <UniqueIdentifier>{45248250-dc89-44c5-b6e0-92e5be162ba2}</UniqueIdentifier>
    </Filter>
    <Filter Include="Source\IO">
      <UniqueIdentifier>{685fc8a1-0c84-4c3c-afa4-45a91c20182b}</UniqueIdentifier>
    </Filter>
    <Filter Include="Source\UI">
      <UniqueIdentifier>{11903540-3ad2-4b3d-9d43-540e9b8b885f}</UniqueIdentifier>
    </Filter>
    <Filter Include="Source\Windows Soft Link">
      <UniqueIdentifier>{4f23875d-6e9f-491f-b4bb-c2e3d3d000b5}</UniqueIdentifier>
    </Filter>
  </ItemGroup>
  <ItemGroup>
    <ClInclude Include="pch.h">
      <Filter>Source</Filter>
    </ClInclude>
    <ClInclude Include="..\..\Include\oPlatform\oMirroredArena.h">
      <Filter>Headers\Memory</Filter>
    </ClInclude>
    <ClInclude Include="..\..\Include\oPlatform\oSocket.h">
      <Filter>Headers\IO</Filter>
    </ClInclude>
    <ClInclude Include="..\..\Include\oPlatform\oP4.h">
      <Filter>Headers\IO</Filter>
    </ClInclude>
    <ClInclude Include="..\..\Include\oPlatform\oStream.h">
      <Filter>Headers\IO</Filter>
    </ClInclude>
    <ClInclude Include="oDispatchQueueGlobalIOCP.h">
      <Filter>Source</Filter>
    </ClInclude>
    <ClInclude Include="..\..\Include\oPlatform\oFileSchemeHandler.h">
      <Filter>Headers\IO</Filter>
    </ClInclude>
    <ClInclude Include="..\..\Include\oPlatform\oHTTP.h">
      <Filter>Headers\IO</Filter>
    </ClInclude>
    <ClInclude Include="..\..\Include\oPlatform\oHTTPClient.h">
      <Filter>Headers\IO</Filter>
    </ClInclude>
    <ClInclude Include="..\..\Include\oPlatform\oHTTPServer.h">
      <Filter>Headers\IO</Filter>
    </ClInclude>
    <ClInclude Include="..\..\Include\oPlatform\oEMail.h">
      <Filter>Headers\IO</Filter>
    </ClInclude>
    <ClInclude Include="..\..\Include\oPlatform\oStreamUtil.h">
      <Filter>Headers\IO</Filter>
    </ClInclude>
    <ClInclude Include="oHTTPInternal.h">
      <Filter>Source\IO</Filter>
    </ClInclude>
    <ClInclude Include="..\..\Include\oPlatform\oTCPServer.h">
      <Filter>Headers\IO</Filter>
    </ClInclude>
    <ClInclude Include="..\..\Include\oPlatform\oWebAppWindow.h">
      <Filter>Headers\UI</Filter>
    </ClInclude>
    <ClInclude Include="..\..\Include\oPlatform\oWebServer.h">
      <Filter>Headers\IO</Filter>
    </ClInclude>
    <ClInclude Include="..\..\Include\oPlatform\oFileCache.h">
      <Filter>Headers\IO</Filter>
    </ClInclude>
    <ClInclude Include="..\..\Include\oPlatform\oHTTPHandler.h">
      <Filter>Headers\IO</Filter>
    </ClInclude>
    <ClInclude Include="..\..\Include\oPlatform\all.h">
      <Filter>Headers</Filter>
    </ClInclude>
    <ClInclude Include="..\..\Include\oPlatform\oRegistry.h">
      <Filter>Headers</Filter>
    </ClInclude>
    <ClInclude Include="..\..\Include\oPlatform\oSingleton.h">
      <Filter>Headers</Filter>
    </ClInclude>
    <ClInclude Include="..\..\Include\oPlatform\oTest.h">
      <Filter>Headers</Filter>
    </ClInclude>
    <ClInclude Include="oIOCP.h">
      <Filter>Headers</Filter>
    </ClInclude>
    <ClInclude Include="SoftLink\oOpenSSL.h">
      <Filter>Source\Windows Soft Link</Filter>
    </ClInclude>
  </ItemGroup>
  <ItemGroup>
    <ClCompile Include="oSocket.cpp">
      <Filter>Source</Filter>
    </ClCompile>
    <ClCompile Include="pch.cpp">
      <Filter>Source</Filter>
    </ClCompile>
    <ClCompile Include="oDispatchQueueGlobalIOCP.cpp">
      <Filter>Source</Filter>
    </ClCompile>
    <ClCompile Include="oMirroredArena.cpp">
      <Filter>Source\Memory</Filter>
    </ClCompile>
    <ClCompile Include="oEMail.cpp">
      <Filter>Source\IO</Filter>
    </ClCompile>
    <ClCompile Include="oFileSchemeHandler.cpp">
      <Filter>Source\IO</Filter>
    </ClCompile>
    <ClCompile Include="oHTTP.cpp">
      <Filter>Source\IO</Filter>
    </ClCompile>
    <ClCompile Include="oHTTPProtocol.cpp">
      <Filter>Source\IO</Filter>
    </ClCompile>
    <ClCompile Include="oHTTPServer.cpp">
      <Filter>Source\IO</Filter>
    </ClCompile>
    <ClCompile Include="oHTTPClient.cpp">
      <Filter>Source\IO</Filter>
    </ClCompile>
    <ClCompile Include="oP4.cpp">
      <Filter>Source\IO</Filter>
    </ClCompile>
    <ClCompile Include="oStream.cpp">
      <Filter>Source\IO</Filter>
    </ClCompile>
    <ClCompile Include="oStreamUtil.cpp">
      <Filter>Source\IO</Filter>
    </ClCompile>
    <ClCompile Include="oWebAppWindow.cpp">
      <Filter>Source\UI</Filter>
    </ClCompile>
    <ClCompile Include="oWebServer.cpp">
      <Filter>Source\IO</Filter>
    </ClCompile>
    <ClCompile Include="oFileCacheMonitoring.cpp">
      <Filter>Source\IO</Filter>
    </ClCompile>
    <ClCompile Include="oFileCache.cpp">
      <Filter>Source\IO</Filter>
    </ClCompile>
    <ClCompile Include="oHTTPHandler.cpp">
      <Filter>Source\IO</Filter>
    </ClCompile>
    <ClCompile Include="oRegistry.cpp">
      <Filter>Source</Filter>
    </ClCompile>
    <ClCompile Include="oSingleton.cpp">
      <Filter>Source</Filter>
    </ClCompile>
    <ClCompile Include="oTest.cpp">
      <Filter>Source</Filter>
    </ClCompile>
    <ClCompile Include="oIOCP.cpp">
      <Filter>Source</Filter>
    </ClCompile>
    <ClCompile Include="SoftLink\oOpenSSL.cpp">
      <Filter>Source\Windows Soft Link</Filter>
    </ClCompile>
  </ItemGroup>
</Project>