<?xml version="1.0" encoding="utf-8"?>
<Project ToolsVersion="4.0" xmlns="http://schemas.microsoft.com/developer/msbuild/2003">
  <ItemGroup>
    <Filter Include="oGfx">
      <UniqueIdentifier>{27b0fc5c-0f0b-460c-8f48-195292123217}</UniqueIdentifier>
    </Filter>
    <Filter Include="Source">
      <UniqueIdentifier>{1775e422-7373-4d7a-aa46-8537140a2263}</UniqueIdentifier>
    </Filter>
    <Filter Include="oGfx\Needs Code Review">
      <UniqueIdentifier>{9adf1f58-973f-4a5a-b34b-8cf48c536773}</UniqueIdentifier>
    </Filter>
    <Filter Include="Source\Needs Code Review">
      <UniqueIdentifier>{a2c56fc8-5e16-43e6-bd26-f9f5efbe0119}</UniqueIdentifier>
    </Filter>
  </ItemGroup>
  <ItemGroup>
    <ClCompile Include="pch.cpp">
      <Filter>Source</Filter>
    </ClCompile>
    <ClCompile Include="oGfxPickBuffer.cpp">
      <Filter>Source\Needs Code Review</Filter>
    </ClCompile>
    <ClCompile Include="oGfxManipulator.cpp">
      <Filter>Source\Needs Code Review</Filter>
    </ClCompile>
    <ClCompile Include="oGfxShaders.cpp">
      <Filter>Source</Filter>
    </ClCompile>
    <ClCompile Include="oGfxShaderRegistry.cpp">
      <Filter>Source</Filter>
    </ClCompile>
    <ClCompile Include="layout_state.cpp">
      <Filter>Source</Filter>
    </ClCompile>
    <ClCompile Include="core.cpp">
      <Filter>Source</Filter>
    </ClCompile>
  </ItemGroup>
  <ItemGroup>
    <ClInclude Include="pch.h">
      <Filter>Source</Filter>
    </ClInclude>
    <ClInclude Include="..\..\Include\oGfx\oGfxManipulator.h">
      <Filter>oGfx\Needs Code Review</Filter>
    </ClInclude>
    <ClInclude Include="..\..\Include\oGfx\oGfxPickBuffer.h">
      <Filter>oGfx\Needs Code Review</Filter>
    </ClInclude>
    <ClInclude Include="..\..\Include\oGfx\core.h">
      <Filter>oGfx</Filter>
    </ClInclude>
    <ClInclude Include="..\..\Include\oGfx\oGfxDrawConstants.h">
      <Filter>oGfx\Needs Code Review</Filter>
    </ClInclude>
    <ClInclude Include="..\..\Include\oGfx\oGfxHLSL.h">
      <Filter>oGfx\Needs Code Review</Filter>
    </ClInclude>
    <ClInclude Include="..\..\Include\oGfx\oGfxLightConstants.h">
      <Filter>oGfx\Needs Code Review</Filter>
    </ClInclude>
    <ClInclude Include="..\..\Include\oGfx\oGfxMaterialConstants.h">
      <Filter>oGfx\Needs Code Review</Filter>
    </ClInclude>
    <ClInclude Include="..\..\Include\oGfx\oGfxShaderRegistry.h">
      <Filter>oGfx\Needs Code Review</Filter>
    </ClInclude>
    <ClInclude Include="..\..\Include\oGfx\oGfxShaders.h">
      <Filter>oGfx\Needs Code Review</Filter>
    </ClInclude>
    <ClInclude Include="..\..\Include\oGfx\oGfxVertexLayouts.h">
      <Filter>oGfx\Needs Code Review</Filter>
    </ClInclude>
    <ClInclude Include="..\..\Include\oGfx\oGfxViewConstants.h">
      <Filter>oGfx\Needs Code Review</Filter>
    </ClInclude>
    <ClInclude Include="..\..\Include\oGfx\shader_registry.h">
      <Filter>oGfx</Filter>
    </ClInclude>
    <ClInclude Include="..\..\Include\oGfx\layout_state.h">
      <Filter>oGfx</Filter>
    </ClInclude>
  </ItemGroup>
  <ItemGroup>
    <CustomBuild Include="oGfxShaders.hlsl">
      <Filter>Source</Filter>
    </CustomBuild>
  </ItemGroup>
  <ItemGroup>
    <None Include="oGfxShaders.txt">
      <Filter>Source</Filter>
    </None>
  </ItemGroup>
</Project>