<?xml version="1.0" encoding="utf-8"?>
<Project ToolsVersion="4.0" xmlns="http://schemas.microsoft.com/developer/msbuild/2003">
  <ItemGroup>
    <Filter Include="oString">
      <UniqueIdentifier>{9593b708-4960-40b4-8021-80b37ea0f685}</UniqueIdentifier>
    </Filter>
    <Filter Include="Source">
      <UniqueIdentifier>{9190535a-e72a-4221-b0a6-8bb1ff0ce000}</UniqueIdentifier>
    </Filter>
  </ItemGroup>
</Project>