<?xml version="1.0" encoding="utf-8"?>
<Project ToolsVersion="4.0" xmlns="http://schemas.microsoft.com/developer/msbuild/2003">
  <ItemGroup>
    <Filter Include="Headers">
      <UniqueIdentifier>{3c50bb25-81cf-47f1-abf6-c7e6b82dd049}</UniqueIdentifier>
    </Filter>
    <Filter Include="Source">
      <UniqueIdentifier>{16b96004-43ad-4578-812d-94aa7fc0b191}</UniqueIdentifier>
    </Filter>
  </ItemGroup>
  <ItemGroup>
    <ClCompile Include="tests\TESTsurface.cpp">
      <Filter>Source</Filter>
    </ClCompile>
    <ClCompile Include="tests\TESTsurface_codec.cpp">
      <Filter>Source</Filter>
    </ClCompile>
    <ClCompile Include="tests\TESTsurface_resize.cpp">
      <Filter>Source</Filter>
    </ClCompile>
  </ItemGroup>
  <ItemGroup>
    <ClInclude Include="..\..\Include\oSurface\tests\oSurfaceTestRequirements.h">
      <Filter>Headers</Filter>
    </ClInclude>
    <ClInclude Include="..\..\Include\oSurface\tests\oSurfaceTests.h">
      <Filter>Headers</Filter>
    </ClInclude>
  </ItemGroup>
</Project>