<?xml version="1.0" encoding="utf-8"?>
<Project ToolsVersion="4.0" xmlns="http://schemas.microsoft.com/developer/msbuild/2003">
  <ItemGroup>
    <Filter Include="Headers">
      <UniqueIdentifier>{f04a5164-0fdb-41fe-82b6-c66823ecf198}</UniqueIdentifier>
    </Filter>
    <Filter Include="Source">
      <UniqueIdentifier>{6b1ea973-aacf-47b4-bcf2-632a8d5c9917}</UniqueIdentifier>
    </Filter>
  </ItemGroup>
  <ItemGroup>
    <ClCompile Include="Tests\TESTfixed_block_allocator.cpp">
      <Filter>Source</Filter>
    </ClCompile>
    <ClCompile Include="Tests\TESTblock_allocator.cpp">
      <Filter>Source</Filter>
    </ClCompile>
    <ClCompile Include="Tests\TESTconcurrent_queues.cpp">
      <Filter>Source</Filter>
    </ClCompile>
    <ClCompile Include="Tests\TESTconcurrent_stack.cpp">
      <Filter>Source</Filter>
    </ClCompile>
    <ClCompile Include="Tests\TESTcoroutine.cpp">
      <Filter>Source</Filter>
    </ClCompile>
  </ItemGroup>
  <ItemGroup>
    <ClInclude Include="..\..\Include\oConcurrency\tests\oConcurrencyTests.h">
      <Filter>Headers</Filter>
    </ClInclude>
  </ItemGroup>
</Project>