<?xml version="1.0" encoding="utf-8"?>
<Project ToolsVersion="4.0" xmlns="http://schemas.microsoft.com/developer/msbuild/2003">
  <ItemGroup>
    <Filter Include="Source">
      <UniqueIdentifier>{e472f9df-4df1-493b-8fbb-b08280934fc5}</UniqueIdentifier>
    </Filter>
    <Filter Include="oConcurrency">
      <UniqueIdentifier>{cded15fc-2964-40e0-aba2-31442340c4b4}</UniqueIdentifier>
    </Filter>
  </ItemGroup>
  <ItemGroup>
    <ClCompile Include="pch.cpp">
      <Filter>Source</Filter>
    </ClCompile>
    <ClCompile Include="block_allocator.cpp">
      <Filter>Source</Filter>
    </ClCompile>
    <ClCompile Include="fixed_block_allocator.cpp">
      <Filter>Source</Filter>
    </ClCompile>
    <ClCompile Include="index_allocator_base.cpp">
      <Filter>Source</Filter>
    </ClCompile>
    <ClCompile Include="oConcurrency.cpp">
      <Filter>Source</Filter>
    </ClCompile>
  </ItemGroup>
  <ItemGroup>
    <ClInclude Include="pch.h">
      <Filter>Source</Filter>
    </ClInclude>
    <ClInclude Include="..\..\Include\oConcurrency\thread_safe.h">
      <Filter>oConcurrency</Filter>
    </ClInclude>
    <ClInclude Include="..\..\Include\oConcurrency\block_allocator.h">
      <Filter>oConcurrency</Filter>
    </ClInclude>
    <ClInclude Include="..\..\Include\oConcurrency\concurrent_queue.h">
      <Filter>oConcurrency</Filter>
    </ClInclude>
    <ClInclude Include="..\..\Include\oConcurrency\concurrent_queue_base.h">
      <Filter>oConcurrency</Filter>
    </ClInclude>
    <ClInclude Include="..\..\Include\oConcurrency\concurrent_queue_opt.h">
      <Filter>oConcurrency</Filter>
    </ClInclude>
    <ClInclude Include="..\..\Include\oConcurrency\concurrent_worklist.h">
      <Filter>oConcurrency</Filter>
    </ClInclude>
    <ClInclude Include="..\..\Include\oConcurrency\condition_variable.h">
      <Filter>oConcurrency</Filter>
    </ClInclude>
    <ClInclude Include="..\..\Include\oConcurrency\countdown_latch.h">
      <Filter>oConcurrency</Filter>
    </ClInclude>
    <ClInclude Include="..\..\Include\oConcurrency\fixed_block_allocator.h">
      <Filter>oConcurrency</Filter>
    </ClInclude>
    <ClInclude Include="..\..\Include\oConcurrency\lock_free_queue.h">
      <Filter>oConcurrency</Filter>
    </ClInclude>
    <ClInclude Include="..\..\Include\oConcurrency\mutex.h">
      <Filter>oConcurrency</Filter>
    </ClInclude>
    <ClInclude Include="..\..\Include\oConcurrency\tagged_pointer.h">
      <Filter>oConcurrency</Filter>
    </ClInclude>
    <ClInclude Include="..\..\Include\oConcurrency\basic_threadpool.h">
      <Filter>oConcurrency</Filter>
    </ClInclude>
    <ClInclude Include="..\..\Include\oConcurrency\threadpool.h">
      <Filter>oConcurrency</Filter>
    </ClInclude>
    <ClInclude Include="..\..\Include\oConcurrency\concurrent_linear_allocator.h">
      <Filter>oConcurrency</Filter>
    </ClInclude>
    <ClInclude Include="..\..\Include\oConcurrency\concurrent_index_allocator.h">
      <Filter>oConcurrency</Filter>
    </ClInclude>
    <ClInclude Include="..\..\Include\oConcurrency\index_allocator_base.h">
      <Filter>oConcurrency</Filter>
    </ClInclude>
    <ClInclude Include="..\..\Include\oConcurrency\index_allocator.h">
      <Filter>oConcurrency</Filter>
    </ClInclude>
    <ClInclude Include="..\..\Include\oConcurrency\joinable_threadpool_base.h">
      <Filter>oConcurrency</Filter>
    </ClInclude>
    <ClInclude Include="..\..\Include\oConcurrency\task_group_threadpool.h">
      <Filter>oConcurrency</Filter>
    </ClInclude>
    <ClInclude Include="..\..\Include\oConcurrency\coroutine.h">
      <Filter>oConcurrency</Filter>
    </ClInclude>
    <ClInclude Include="..\..\Include\oConcurrency\all.h">
      <Filter>oConcurrency</Filter>
    </ClInclude>
    <ClInclude Include="..\..\Include\oConcurrency\oConcurrency.h">
      <Filter>oConcurrency</Filter>
    </ClInclude>
    <ClInclude Include="..\..\Include\oConcurrency\event.h">
      <Filter>oConcurrency</Filter>
    </ClInclude>
  </ItemGroup>
</Project>