<?xml version="1.0" encoding="utf-8"?>
<Project ToolsVersion="4.0" xmlns="http://schemas.microsoft.com/developer/msbuild/2003">
  <ItemGroup>
    <Filter Include="Headers">
      <UniqueIdentifier>{4cacfa38-fa2b-48e6-8bce-83bac7736ff7}</UniqueIdentifier>
    </Filter>
    <Filter Include="Source">
      <UniqueIdentifier>{0b421e4a-1152-4712-959e-2b29df86b226}</UniqueIdentifier>
    </Filter>
  </ItemGroup>
  <ItemGroup>
    <ClCompile Include="Tests\TESTcompute.cpp">
      <Filter>Source</Filter>
    </ClCompile>
    <ClCompile Include="Tests\TESTeasing.cpp">
      <Filter>Source</Filter>
    </ClCompile>
  </ItemGroup>
  <ItemGroup>
    <ClInclude Include="..\..\Include\oCompute\tests\oComputeTestRequirements.h">
      <Filter>Headers</Filter>
    </ClInclude>
    <ClInclude Include="..\..\Include\oCompute\tests\oComputeTests.h">
      <Filter>Headers</Filter>
    </ClInclude>
  </ItemGroup>
</Project>