<?xml version="1.0" encoding="utf-8"?>
<Project ToolsVersion="4.0" xmlns="http://schemas.microsoft.com/developer/msbuild/2003">
  <ItemGroup>
    <Filter Include="Source">
      <UniqueIdentifier>{75be6d57-4833-4814-95c3-d289347a51f6}</UniqueIdentifier>
    </Filter>
    <Filter Include="oKinect">
      <UniqueIdentifier>{80c29bef-6912-43a8-a820-34dd7e40fd00}</UniqueIdentifier>
    </Filter>
  </ItemGroup>
  <ItemGroup>
    <ClCompile Include="pch.cpp">
      <Filter>Source</Filter>
    </ClCompile>
    <ClCompile Include="oKinectGDI.cpp">
      <Filter>Source</Filter>
    </ClCompile>
    <ClCompile Include="oKinectManager.cpp">
      <Filter>Source</Filter>
    </ClCompile>
    <ClCompile Include="oKinectSkeletonStream.cpp">
      <Filter>Source</Filter>
    </ClCompile>
    <ClCompile Include="oKinectUtil.cpp">
      <Filter>Source</Filter>
    </ClCompile>
    <ClCompile Include="oWinKinect10.cpp">
      <Filter>Source</Filter>
    </ClCompile>
    <ClCompile Include="oKinect.cpp">
      <Filter>Source</Filter>
    </ClCompile>
    <ClCompile Include="oKinectSkeleton.cpp">
      <Filter>Source</Filter>
    </ClCompile>
  </ItemGroup>
  <ItemGroup>
    <ClInclude Include="pch.h">
      <Filter>Source</Filter>
    </ClInclude>
    <ClInclude Include="oKinectInternal.h">
      <Filter>Source</Filter>
    </ClInclude>
    <ClInclude Include="oKinectManager.h">
      <Filter>Source</Filter>
    </ClInclude>
    <ClInclude Include="oKinectSkeletonStream.h">
      <Filter>Source</Filter>
    </ClInclude>
    <ClInclude Include="oWinKinect10.h">
      <Filter>Source</Filter>
    </ClInclude>
    <ClInclude Include="..\..\Include\oKinect\oKinect.h">
      <Filter>oKinect</Filter>
    </ClInclude>
    <ClInclude Include="..\..\Include\oKinect\oKinectGDI.h">
      <Filter>oKinect</Filter>
    </ClInclude>
    <ClInclude Include="..\..\Include\oKinect\oKinectUtil.h">
      <Filter>oKinect</Filter>
    </ClInclude>
    <ClInclude Include="oKinectSkeleton.h">
      <Filter>Source</Filter>
    </ClInclude>
  </ItemGroup>
</Project>