<?xml version="1.0" encoding="utf-8"?>
<Project ToolsVersion="4.0" xmlns="http://schemas.microsoft.com/developer/msbuild/2003">
  <ItemGroup>
    <Filter Include="oHLSL">
      <UniqueIdentifier>{3d630964-46d0-4ddc-8351-069967fda0c3}</UniqueIdentifier>
    </Filter>
    <Filter Include="Source">
      <UniqueIdentifier>{7fd93c7c-445f-432e-9d27-35ac305507f4}</UniqueIdentifier>
    </Filter>
  </ItemGroup>
  <ItemGroup>
    <ClInclude Include="..\..\Include\oHLSL\oHLSLTypesInternal.h">
      <Filter>oHLSL</Filter>
    </ClInclude>
    <ClInclude Include="..\..\Include\oHLSL\oHLSLAtomics.h">
      <Filter>oHLSL</Filter>
    </ClInclude>
    <ClInclude Include="..\..\Include\oHLSL\oHLSLBit.h">
      <Filter>oHLSL</Filter>
    </ClInclude>
    <ClInclude Include="..\..\Include\oHLSL\oHLSLMacros.h">
      <Filter>oHLSL</Filter>
    </ClInclude>
    <ClInclude Include="..\..\Include\oHLSL\oHLSLMath.h">
      <Filter>oHLSL</Filter>
    </ClInclude>
    <ClInclude Include="..\..\Include\oHLSL\oHLSLStructs.h">
      <Filter>oHLSL</Filter>
    </ClInclude>
    <ClInclude Include="..\..\Include\oHLSL\oHLSLSwizzlesOff.h">
      <Filter>oHLSL</Filter>
    </ClInclude>
    <ClInclude Include="..\..\Include\oHLSL\oHLSLSwizzlesOn.h">
      <Filter>oHLSL</Filter>
    </ClInclude>
    <ClInclude Include="..\..\Include\oHLSL\oHLSLTypes.h">
      <Filter>oHLSL</Filter>
    </ClInclude>
    <ClInclude Include="..\..\Include\oHLSL\all.h">
      <Filter>oHLSL</Filter>
    </ClInclude>
    <ClInclude Include="..\..\External\OpenEXR\Half\half.h">
      <Filter>Source</Filter>
    </ClInclude>
    <ClInclude Include="..\..\Include\oHLSL\oHLSLIntrinsics.h">
      <Filter>oHLSL</Filter>
    </ClInclude>
  </ItemGroup>
  <ItemGroup>
    <ClCompile Include="..\..\External\OpenEXR\Half\half.cpp">
      <Filter>Source</Filter>
    </ClCompile>
  </ItemGroup>
</Project>