<?xml version="1.0" encoding="utf-8"?>
<Project ToolsVersion="4.0" xmlns="http://schemas.microsoft.com/developer/msbuild/2003">
  <ItemGroup>
    <ClCompile Include="oUnitTests.cpp">
      <Filter>Source Files</Filter>
    </ClCompile>
    <ClCompile Include="pch.cpp">
      <Filter>Source Files</Filter>
    </ClCompile>
    <ClCompile Include="..\Ouroboros\Source\oPlatform\Tests\TESTStd.cpp">
      <Filter>Source Files\Sub-Platform Tests</Filter>
    </ClCompile>
    <ClCompile Include="..\Ouroboros\Source\oPlatform\Tests\TESTSurfaceFill.cpp">
      <Filter>Source Files\Sub-Platform Tests</Filter>
    </ClCompile>
    <ClCompile Include="..\Ouroboros\Source\oPlatform\Tests\TESTConcurrency.cpp">
      <Filter>Source Files\Sub-Platform Tests</Filter>
    </ClCompile>
    <ClCompile Include="..\Ouroboros\Source\oPlatform\Tests\TESTBasis.cpp">
      <Filter>Source Files\Sub-Platform Tests</Filter>
    </ClCompile>
    <ClCompile Include="..\Ouroboros\Source\oPlatform\Tests\TESTCompute.cpp">
      <Filter>Source Files\Sub-Platform Tests</Filter>
    </ClCompile>
    <ClCompile Include="..\Ouroboros\Source\oPlatform\Tests\TESTCore.cpp">
      <Filter>Source Files\Sub-Platform Tests</Filter>
    </ClCompile>
    <ClCompile Include="..\Ouroboros\Source\oPlatform\Tests\TESTBase.cpp">
      <Filter>Source Files\Sub-Platform Tests</Filter>
    </ClCompile>
  </ItemGroup>
  <ItemGroup>
    <ClInclude Include="pch.h">
      <Filter>Source Files</Filter>
    </ClInclude>
    <ClInclude Include="resource.h">
      <Filter>Resource Files</Filter>
    </ClInclude>
    <ClInclude Include="..\Ouroboros\Source\oPlatform\Tests\TESTConcurrencyRequirements.h">
      <Filter>Source Files\Sub-Platform Tests</Filter>
    </ClInclude>
    <ClInclude Include="..\Ouroboros\Source\oPlatform\Tests\oTestIntegration.h">
      <Filter>Source Files\Sub-Platform Tests</Filter>
    </ClInclude>
  </ItemGroup>
  <ItemGroup>
    <Filter Include="Source Files">
      <UniqueIdentifier>{c7770449-f642-404e-bb9d-1cd8d85fbab2}</UniqueIdentifier>
    </Filter>
    <Filter Include="Resource Files">
      <UniqueIdentifier>{68a750ec-c7ac-41c7-9c3e-8c361d78cfe0}</UniqueIdentifier>
    </Filter>
    <Filter Include="Source Files\Sub-Platform Tests">
      <UniqueIdentifier>{fb620a58-f4d5-4857-8ea3-89eb329712a7}</UniqueIdentifier>
    </Filter>
  </ItemGroup>
  <ItemGroup>
    <None Include="..\Data\oooii.ico">
      <Filter>Resource Files</Filter>
    </None>
  </ItemGroup>
  <ItemGroup>
    <ResourceCompile Include="oUnitTests.rc">
      <Filter>Resource Files</Filter>
    </ResourceCompile>
  </ItemGroup>
</Project>