<?xml version="1.0" encoding="utf-8"?>
<Project ToolsVersion="4.0" xmlns="http://schemas.microsoft.com/developer/msbuild/2003">
  <ItemGroup>
    <ClCompile Include="Tests\TESTBuffer.cpp">
      <Filter>Source</Filter>
    </ClCompile>
    <ClCompile Include="Tests\TESTMath.cpp">
      <Filter>Source</Filter>
    </ClCompile>
    <ClCompile Include="Tests\TESTRTTI.cpp">
      <Filter>Source</Filter>
    </ClCompile>
    <ClCompile Include="Tests\TESTString.cpp">
      <Filter>Source</Filter>
    </ClCompile>
    <ClCompile Include="Tests\TESTURI.cpp">
      <Filter>Source</Filter>
    </ClCompile>
    <ClCompile Include="Tests\TESTXMLSerialize.cpp">
      <Filter>Source</Filter>
    </ClCompile>
    <ClCompile Include="Tests\TESTINISerialize.cpp">
      <Filter>Source</Filter>
    </ClCompile>
    <ClCompile Include="Tests\TESTJSONSerialize.cpp">
      <Filter>Source</Filter>
    </ClCompile>
    <ClCompile Include="Tests\TESTURIQuerySerialize.cpp">
      <Filter>Source</Filter>
    </ClCompile>
  </ItemGroup>
  <ItemGroup>
    <ClInclude Include="Tests\oBasisTestCommon.h">
      <Filter>Source</Filter>
    </ClInclude>
    <ClInclude Include="..\..\Include\oBasis\tests\oBasisTests.h">
      <Filter>Headers</Filter>
    </ClInclude>
  </ItemGroup>
  <ItemGroup>
    <Filter Include="Source">
      <UniqueIdentifier>{f32a4eea-9106-485f-a749-8ea7ba7e29c9}</UniqueIdentifier>
    </Filter>
    <Filter Include="Headers">
      <UniqueIdentifier>{84d29c42-f8dc-4fe6-bf85-9de017b78886}</UniqueIdentifier>
    </Filter>
  </ItemGroup>
</Project>