<?xml version="1.0" encoding="utf-8"?>
<Project ToolsVersion="4.0" xmlns="http://schemas.microsoft.com/developer/msbuild/2003">
  <ItemGroup>
    <Filter Include="oBasis">
      <UniqueIdentifier>{0205deb0-07d7-43ad-987c-226495a27be1}</UniqueIdentifier>
    </Filter>
    <Filter Include="Source">
      <UniqueIdentifier>{df617b51-647a-4727-b495-484e5b457685}</UniqueIdentifier>
    </Filter>
    <Filter Include="oBasis\Concurrency">
      <UniqueIdentifier>{320b6a2d-fc14-4a41-897c-bf272e90a82e}</UniqueIdentifier>
    </Filter>
    <Filter Include="oBasis\String Parsing">
      <UniqueIdentifier>{d77a4985-cdb4-44e3-9573-80500f36c46d}</UniqueIdentifier>
    </Filter>
    <Filter Include="oBasis\Language Enhancements">
      <UniqueIdentifier>{5a5a209c-4864-4ac5-96c1-29cc98fd9fdf}</UniqueIdentifier>
    </Filter>
    <Filter Include="oBasis\Types">
      <UniqueIdentifier>{7cb7b979-c6c7-4ef7-89fb-67abfa0c31e3}</UniqueIdentifier>
    </Filter>
    <Filter Include="oBasis\3D Math &amp; Graphics">
      <UniqueIdentifier>{49d22f96-bbb4-4e2a-9330-6e391954e170}</UniqueIdentifier>
    </Filter>
    <Filter Include="oBasis\RTTI">
      <UniqueIdentifier>{cb411f65-cb1a-4085-8431-b027e8f491bd}</UniqueIdentifier>
    </Filter>
    <Filter Include="oBasis\Serialization">
      <UniqueIdentifier>{83854aaf-7706-4fd6-b8e2-8484b20a139d}</UniqueIdentifier>
    </Filter>
    <Filter Include="oBasis\3D Math &amp; Graphics\Camera Controllers">
      <UniqueIdentifier>{ad607e69-c4d5-428a-94ec-cb8c90386db4}</UniqueIdentifier>
    </Filter>
    <Filter Include="Source\3D Math &amp; Graphics">
      <UniqueIdentifier>{d5eca90d-245c-405a-8604-e63d2c3f6d43}</UniqueIdentifier>
    </Filter>
    <Filter Include="Source\3D Math &amp; Graphics\Camera Controllers">
      <UniqueIdentifier>{3fc04ed6-1e73-4eaa-8e19-d2a7a16b8e2f}</UniqueIdentifier>
    </Filter>
    <Filter Include="Source\Types">
      <UniqueIdentifier>{c7aa6e0e-6c9a-4ca7-8f3f-6e66ab8a65c2}</UniqueIdentifier>
    </Filter>
    <Filter Include="Source\String Parsing">
      <UniqueIdentifier>{c0316e5c-66eb-484b-beb4-6509cf08af4b}</UniqueIdentifier>
    </Filter>
    <Filter Include="Source\Concurrency">
      <UniqueIdentifier>{ae304858-be37-4332-948a-f8f83ee11fa8}</UniqueIdentifier>
    </Filter>
    <Filter Include="Source\Language Enhancements">
      <UniqueIdentifier>{8b57e10e-8a96-4ab9-b54e-7c60a5bef5d3}</UniqueIdentifier>
    </Filter>
    <Filter Include="Source\Serialization">
      <UniqueIdentifier>{fc7f0451-3b9b-487e-bb44-83a0efd7f6da}</UniqueIdentifier>
    </Filter>
    <Filter Include="oBasis\3D Math &amp; Graphics\Manipulators">
      <UniqueIdentifier>{6c304be4-ba74-415f-b04a-2352d3037430}</UniqueIdentifier>
    </Filter>
    <Filter Include="Source\3D Math &amp; Graphics\Bullet-Vectormathlib">
      <UniqueIdentifier>{81bf6063-2edd-4914-95db-4552841bdc2f}</UniqueIdentifier>
    </Filter>
    <Filter Include="oBasis\Compression">
      <UniqueIdentifier>{22d3db64-f2ad-43cd-b447-33c87b81719c}</UniqueIdentifier>
    </Filter>
    <Filter Include="Source\Compression">
      <UniqueIdentifier>{20271ea3-a632-48ee-b38a-550d97c85239}</UniqueIdentifier>
    </Filter>
  </ItemGroup>
  <ItemGroup>
    <ClInclude Include="pch.h">
      <Filter>Source</Filter>
    </ClInclude>
    <ClInclude Include="..\..\Include\oBasis\oFilterChain.h">
      <Filter>oBasis</Filter>
    </ClInclude>
    <ClInclude Include="..\..\Include\oBasis\oURI.h">
      <Filter>oBasis\String Parsing</Filter>
    </ClInclude>
    <ClInclude Include="..\..\Include\oBasis\oError.h">
      <Filter>oBasis\Language Enhancements</Filter>
    </ClInclude>
    <ClInclude Include="..\..\Include\oBasis\oRefCount.h">
      <Filter>oBasis\Types</Filter>
    </ClInclude>
    <ClInclude Include="..\..\Include\oBasis\oMathTypes.h">
      <Filter>oBasis\Types</Filter>
    </ClInclude>
    <ClInclude Include="..\..\Include\oBasis\oInterface.h">
      <Filter>oBasis\Types</Filter>
    </ClInclude>
    <ClInclude Include="..\..\Include\oBasis\oInvalid.h">
      <Filter>oBasis\Language Enhancements</Filter>
    </ClInclude>
    <ClInclude Include="..\..\Include\oBasis\oOSC.h">
      <Filter>oBasis\String Parsing</Filter>
    </ClInclude>
    <ClInclude Include="..\..\Include\oBasis\oBuffer.h">
      <Filter>oBasis</Filter>
    </ClInclude>
    <ClInclude Include="..\..\Include\oBasis\oBufferPool.h">
      <Filter>oBasis</Filter>
    </ClInclude>
    <ClInclude Include="..\..\Include\oBasis\oPlatformFeatures.h">
      <Filter>oBasis</Filter>
    </ClInclude>
    <ClInclude Include="..\..\Include\oBasis\oTypes.h">
      <Filter>oBasis\Types</Filter>
    </ClInclude>
    <ClInclude Include="..\..\Include\oBasis\oCompression.h">
      <Filter>oBasis</Filter>
    </ClInclude>
    <ClInclude Include="..\..\Include\oBasis\oInt.h">
      <Filter>oBasis\Types</Filter>
    </ClInclude>
    <ClInclude Include="..\..\Include\oBasis\SafeInt3.h">
      <Filter>oBasis\Types</Filter>
    </ClInclude>
    <ClInclude Include="..\..\External\bullet\vectormathlibrary\include\vectormath\scalar\cpp\mat_aos.h">
      <Filter>Source\3D Math &amp; Graphics\Bullet-Vectormathlib</Filter>
    </ClInclude>
    <ClInclude Include="..\..\External\bullet\vectormathlibrary\include\vectormath\scalar\cpp\vectormath_aos_d.h">
      <Filter>Source\3D Math &amp; Graphics\Bullet-Vectormathlib</Filter>
    </ClInclude>
    <ClInclude Include="..\..\External\bullet\vectormathlibrary\include\vectormath\scalar\cpp\mat_aos_d.h">
      <Filter>Source\3D Math &amp; Graphics\Bullet-Vectormathlib</Filter>
    </ClInclude>
    <ClInclude Include="..\..\External\bullet\vectormathlibrary\include\vectormath\scalar\cpp\quat_aos.h">
      <Filter>Source\3D Math &amp; Graphics\Bullet-Vectormathlib</Filter>
    </ClInclude>
    <ClInclude Include="..\..\External\bullet\vectormathlibrary\include\vectormath\scalar\cpp\quat_aos_d.h">
      <Filter>Source\3D Math &amp; Graphics\Bullet-Vectormathlib</Filter>
    </ClInclude>
    <ClInclude Include="..\..\External\bullet\vectormathlibrary\include\vectormath\scalar\cpp\vec_aos.h">
      <Filter>Source\3D Math &amp; Graphics\Bullet-Vectormathlib</Filter>
    </ClInclude>
    <ClInclude Include="..\..\External\bullet\vectormathlibrary\include\vectormath\scalar\cpp\vec_aos_d.h">
      <Filter>Source\3D Math &amp; Graphics\Bullet-Vectormathlib</Filter>
    </ClInclude>
    <ClInclude Include="..\..\External\bullet\vectormathlibrary\include\vectormath\scalar\cpp\vectormath_aos.h">
      <Filter>Source\3D Math &amp; Graphics\Bullet-Vectormathlib</Filter>
    </ClInclude>
    <ClInclude Include="..\..\Include\oBasis\oMIME.h">
      <Filter>oBasis</Filter>
    </ClInclude>
    <ClInclude Include="..\..\Include\oBasis\oStddef.h">
      <Filter>oBasis</Filter>
    </ClInclude>
    <ClInclude Include="..\..\Include\oBasis\oGUI.h">
      <Filter>oBasis</Filter>
    </ClInclude>
    <ClInclude Include="..\..\Include\oBasis\oGeometry.h">
      <Filter>oBasis\3D Math &amp; Graphics</Filter>
    </ClInclude>
    <ClInclude Include="..\..\Include\oBasis\oMeshUtil.h">
      <Filter>oBasis\3D Math &amp; Graphics</Filter>
    </ClInclude>
    <ClInclude Include="..\..\Include\oBasis\oOBJ.h">
      <Filter>oBasis\3D Math &amp; Graphics</Filter>
    </ClInclude>
    <ClInclude Include="..\..\Include\oBasis\oTypeID.h">
      <Filter>oBasis\Language Enhancements</Filter>
    </ClInclude>
    <ClInclude Include="..\..\Include\oBasis\oRTTI.h">
      <Filter>oBasis\RTTI</Filter>
    </ClInclude>
    <ClInclude Include="..\..\Include\oBasis\oRTTIStructs.h">
      <Filter>oBasis\RTTI</Filter>
    </ClInclude>
    <ClInclude Include="..\..\Include\oBasis\oRTTIForEnums.h">
      <Filter>oBasis\RTTI</Filter>
    </ClInclude>
    <ClInclude Include="..\..\Include\oBasis\oRTTIForContainers.h">
      <Filter>oBasis\RTTI</Filter>
    </ClInclude>
    <ClInclude Include="..\..\Include\oBasis\oRTTIForAtoms.h">
      <Filter>oBasis\RTTI</Filter>
    </ClInclude>
    <ClInclude Include="..\..\Include\oBasis\oRTTIForCompounds.h">
      <Filter>oBasis\RTTI</Filter>
    </ClInclude>
    <ClInclude Include="..\..\Include\oBasis\oRTTIForPointers.h">
      <Filter>oBasis\RTTI</Filter>
    </ClInclude>
    <ClInclude Include="..\..\Include\oBasis\oRTTIForFunctions.h">
      <Filter>oBasis\RTTI</Filter>
    </ClInclude>
    <ClInclude Include="..\..\Include\oBasis\oRTTITypedefs.h">
      <Filter>oBasis\RTTI</Filter>
    </ClInclude>
    <ClInclude Include="..\..\Include\oBasis\oXMLSerialize.h">
      <Filter>oBasis\Serialization</Filter>
    </ClInclude>
    <ClInclude Include="..\..\Include\oBasis\oGPUConcepts.h">
      <Filter>oBasis\3D Math &amp; Graphics</Filter>
    </ClInclude>
    <ClInclude Include="..\..\Include\oBasis\oContainer.h">
      <Filter>oBasis</Filter>
    </ClInclude>
    <ClInclude Include="..\..\Include\oBasis\oCameraController.h">
      <Filter>oBasis\3D Math &amp; Graphics\Camera Controllers</Filter>
    </ClInclude>
    <ClInclude Include="..\..\Include\oBasis\oCameraControllerMaya.h">
      <Filter>oBasis\3D Math &amp; Graphics\Camera Controllers</Filter>
    </ClInclude>
    <ClInclude Include="..\..\Include\oBasis\oCameraControllerMMO.h">
      <Filter>oBasis\3D Math &amp; Graphics\Camera Controllers</Filter>
    </ClInclude>
    <ClInclude Include="..\..\Include\oBasis\oCppParsing.h">
      <Filter>oBasis\String Parsing</Filter>
    </ClInclude>
    <ClInclude Include="..\..\Include\oBasis\oCameraControllerArcball.h">
      <Filter>oBasis\3D Math &amp; Graphics\Camera Controllers</Filter>
    </ClInclude>
    <ClInclude Include="oManipulatorBase.h">
      <Filter>oBasis\3D Math &amp; Graphics\Manipulators</Filter>
    </ClInclude>
    <ClInclude Include="oManipulatorRotation.h">
      <Filter>oBasis\3D Math &amp; Graphics\Manipulators</Filter>
    </ClInclude>
    <ClInclude Include="oManipulatorScale.h">
      <Filter>oBasis\3D Math &amp; Graphics\Manipulators</Filter>
    </ClInclude>
    <ClInclude Include="oManipulatorTranslation.h">
      <Filter>oBasis\3D Math &amp; Graphics\Manipulators</Filter>
    </ClInclude>
    <ClInclude Include="..\..\Include\oBasis\oManipulator.h">
      <Filter>oBasis\3D Math &amp; Graphics\Manipulators</Filter>
    </ClInclude>
    <ClInclude Include="..\..\Include\oBasis\oINISerialize.h">
      <Filter>oBasis\Serialization</Filter>
    </ClInclude>
    <ClInclude Include="..\..\Include\oBasis\oDispatchQueue.h">
      <Filter>oBasis\Concurrency</Filter>
    </ClInclude>
    <ClInclude Include="..\..\Include\oBasis\oDispatchQueueConcurrent.h">
      <Filter>oBasis\Concurrency</Filter>
    </ClInclude>
    <ClInclude Include="..\..\Include\oBasis\oDispatchQueueConcurrentT.h">
      <Filter>oBasis\Concurrency</Filter>
    </ClInclude>
    <ClInclude Include="..\..\Include\oBasis\oDispatchQueueGlobal.h">
      <Filter>oBasis\Concurrency</Filter>
    </ClInclude>
    <ClInclude Include="..\..\Include\oBasis\oDispatchQueueGlobalT.h">
      <Filter>oBasis\Concurrency</Filter>
    </ClInclude>
    <ClInclude Include="..\..\Include\oBasis\oDispatchQueuePrivate.h">
      <Filter>oBasis\Concurrency</Filter>
    </ClInclude>
    <ClInclude Include="..\..\Include\oBasis\oInitOnce.h">
      <Filter>oBasis\Concurrency</Filter>
    </ClInclude>
    <ClInclude Include="..\..\Include\oBasis\oLockedPointer.h">
      <Filter>oBasis\Concurrency</Filter>
    </ClInclude>
    <ClInclude Include="..\..\Include\oBasis\oLockThis.h">
      <Filter>oBasis\Concurrency</Filter>
    </ClInclude>
    <ClInclude Include="..\..\Include\oBasis\oStdStringSupport.h">
      <Filter>oBasis\String Parsing</Filter>
    </ClInclude>
    <ClInclude Include="..\..\Include\oBasis\oJSONSerialize.h">
      <Filter>oBasis\Serialization</Filter>
    </ClInclude>
    <ClInclude Include="..\..\Include\oBasis\oURIQuerySerialize.h">
      <Filter>oBasis\Serialization</Filter>
    </ClInclude>
    <ClInclude Include="..\..\Include\oBasis\all.h">
      <Filter>oBasis</Filter>
    </ClInclude>
    <ClInclude Include="..\..\Include\oBasis\oMath.h">
      <Filter>oBasis\3D Math &amp; Graphics</Filter>
    </ClInclude>
    <ClInclude Include="..\..\Include\oBasis\oAirKeyboard.h">
      <Filter>oBasis</Filter>
    </ClInclude>
    <ClInclude Include="..\..\Include\oBasis\oInputMapper.h">
      <Filter>oBasis</Filter>
    </ClInclude>
    <ClInclude Include="..\..\Include\oBasis\oSnappy.h">
      <Filter>oBasis\Compression</Filter>
    </ClInclude>
    <ClInclude Include="..\..\Include\oBasis\oLZMA.h">
      <Filter>oBasis\Compression</Filter>
    </ClInclude>
    <ClInclude Include="..\..\Include\oBasis\oGZip.h">
      <Filter>oBasis\Compression</Filter>
    </ClInclude>
    <ClInclude Include="..\..\Include\oBasis\oStrTok.h">
      <Filter>oBasis\String Parsing</Filter>
    </ClInclude>
    <ClInclude Include="..\..\Include\oBasis\oFunction.h">
      <Filter>oBasis\Language Enhancements</Filter>
    </ClInclude>
    <ClInclude Include="..\..\Include\oBasis\oScopedPartialTimeout.h">
      <Filter>oBasis</Filter>
    </ClInclude>
    <ClInclude Include="..\..\Include\oBasis\oStdLinearAllocator.h">
      <Filter>oBasis</Filter>
    </ClInclude>
  </ItemGroup>
  <ItemGroup>
    <ClCompile Include="oBuffer.cpp">
      <Filter>Source</Filter>
    </ClCompile>
    <ClCompile Include="oBufferPool.cpp">
      <Filter>Source</Filter>
    </ClCompile>
    <ClCompile Include="oMIME.cpp">
      <Filter>Source</Filter>
    </ClCompile>
    <ClCompile Include="oTypeID.cpp">
      <Filter>Source</Filter>
    </ClCompile>
    <ClCompile Include="oRTTI.cpp">
      <Filter>Source</Filter>
    </ClCompile>
    <ClCompile Include="oMeshUtil.cpp">
      <Filter>Source\3D Math &amp; Graphics</Filter>
    </ClCompile>
    <ClCompile Include="oOBJ.cpp">
      <Filter>Source\3D Math &amp; Graphics</Filter>
    </ClCompile>
    <ClCompile Include="oCameraController.cpp">
      <Filter>Source\3D Math &amp; Graphics\Camera Controllers</Filter>
    </ClCompile>
    <ClCompile Include="oCameraControllerMMO.cpp">
      <Filter>Source\3D Math &amp; Graphics\Camera Controllers</Filter>
    </ClCompile>
    <ClCompile Include="oCameraControllerMaya.cpp">
      <Filter>Source\3D Math &amp; Graphics\Camera Controllers</Filter>
    </ClCompile>
    <ClCompile Include="oGeometry.cpp">
      <Filter>Source\3D Math &amp; Graphics</Filter>
    </ClCompile>
    <ClCompile Include="oOSC.cpp">
      <Filter>Source\String Parsing</Filter>
    </ClCompile>
    <ClCompile Include="oDispatchQueuePrivate.cpp">
      <Filter>Source\Concurrency</Filter>
    </ClCompile>
    <ClCompile Include="oDispatchQueueConcurrent.cpp">
      <Filter>Source\Concurrency</Filter>
    </ClCompile>
    <ClCompile Include="oDispatchQueueGlobal.cpp">
      <Filter>Source\Concurrency</Filter>
    </ClCompile>
    <ClCompile Include="oCppParsing.cpp">
      <Filter>Source\String Parsing</Filter>
    </ClCompile>
    <ClCompile Include="oGPUConcepts.cpp">
      <Filter>Source\3D Math &amp; Graphics</Filter>
    </ClCompile>
    <ClCompile Include="oXMLSerialize.cpp">
      <Filter>Source\Serialization</Filter>
    </ClCompile>
    <ClCompile Include="oURI.cpp">
      <Filter>Source\Types</Filter>
    </ClCompile>
    <ClCompile Include="oCameraControllerArcball.cpp">
      <Filter>Source\3D Math &amp; Graphics\Camera Controllers</Filter>
    </ClCompile>
    <ClCompile Include="oManipulator.cpp">
      <Filter>oBasis\3D Math &amp; Graphics\Manipulators</Filter>
    </ClCompile>
    <ClCompile Include="oManipulatorBase.cpp">
      <Filter>oBasis\3D Math &amp; Graphics\Manipulators</Filter>
    </ClCompile>
    <ClCompile Include="oManipulatorRotation.cpp">
      <Filter>oBasis\3D Math &amp; Graphics\Manipulators</Filter>
    </ClCompile>
    <ClCompile Include="oManipulatorScale.cpp">
      <Filter>oBasis\3D Math &amp; Graphics\Manipulators</Filter>
    </ClCompile>
    <ClCompile Include="oManipulatorTranslation.cpp">
      <Filter>oBasis\3D Math &amp; Graphics\Manipulators</Filter>
    </ClCompile>
    <ClCompile Include="oINISerialize.cpp">
      <Filter>Source\Serialization</Filter>
    </ClCompile>
    <ClCompile Include="oError.cpp">
      <Filter>Source\Language Enhancements</Filter>
    </ClCompile>
    <ClCompile Include="oJSONSerialize.cpp">
      <Filter>Source\Serialization</Filter>
    </ClCompile>
    <ClCompile Include="oURIQuerySerialize.cpp">
      <Filter>Source\Serialization</Filter>
    </ClCompile>
    <ClCompile Include="oMath.cpp">
      <Filter>Source\3D Math &amp; Graphics</Filter>
    </ClCompile>
    <ClCompile Include="oAirKeyboard.cpp">
      <Filter>Source</Filter>
    </ClCompile>
    <ClCompile Include="oInputMapper.cpp">
      <Filter>Source</Filter>
    </ClCompile>
    <ClCompile Include="oGUI.cpp">
      <Filter>Source</Filter>
    </ClCompile>
    <ClCompile Include="oSnappy.cpp">
      <Filter>Source\Compression</Filter>
    </ClCompile>
    <ClCompile Include="oLZMA.cpp">
      <Filter>Source\Compression</Filter>
    </ClCompile>
    <ClCompile Include="oGZip.cpp">
      <Filter>Source\Compression</Filter>
    </ClCompile>
    <ClCompile Include="oStrTok.cpp">
      <Filter>Source\String Parsing</Filter>
    </ClCompile>
    <ClCompile Include="pch.cpp">
      <Filter>Source</Filter>
    </ClCompile>
    <ClCompile Include="oScopedPartialTimeout.cpp">
      <Filter>Source</Filter>
    </ClCompile>
  </ItemGroup>
</Project>