<?xml version="1.0" encoding="utf-8"?>
<Project ToolsVersion="4.0" xmlns="http://schemas.microsoft.com/developer/msbuild/2003">
  <ItemGroup>
    <Filter Include="oBasis">
      <UniqueIdentifier>{0205deb0-07d7-43ad-987c-226495a27be1}</UniqueIdentifier>
    </Filter>
    <Filter Include="Source">
      <UniqueIdentifier>{df617b51-647a-4727-b495-484e5b457685}</UniqueIdentifier>
    </Filter>
    <Filter Include="oBasis\C++11">
      <UniqueIdentifier>{6b94dbb8-d0cd-4e71-a8b5-9b1c2ad9a2be}</UniqueIdentifier>
    </Filter>
    <Filter Include="oBasis\Concurrency">
      <UniqueIdentifier>{320b6a2d-fc14-4a41-897c-bf272e90a82e}</UniqueIdentifier>
    </Filter>
    <Filter Include="oBasis\Allocators">
      <UniqueIdentifier>{97c96529-0f01-4436-949a-df83f37c1d28}</UniqueIdentifier>
    </Filter>
    <Filter Include="oBasis\String Parsing">
      <UniqueIdentifier>{d77a4985-cdb4-44e3-9573-80500f36c46d}</UniqueIdentifier>
    </Filter>
    <Filter Include="Source\Bullet-Vectormathlib">
      <UniqueIdentifier>{81bf6063-2edd-4914-95db-4552841bdc2f}</UniqueIdentifier>
    </Filter>
    <Filter Include="oBasis\Language Enhancements">
      <UniqueIdentifier>{5a5a209c-4864-4ac5-96c1-29cc98fd9fdf}</UniqueIdentifier>
    </Filter>
    <Filter Include="oBasis\Types">
      <UniqueIdentifier>{7cb7b979-c6c7-4ef7-89fb-67abfa0c31e3}</UniqueIdentifier>
    </Filter>
    <Filter Include="oBasis\Concurrency\C++11 Threadsafe Wrappers">
      <UniqueIdentifier>{1255fe03-68ef-43b1-8daa-3c6797cfa595}</UniqueIdentifier>
    </Filter>
    <Filter Include="oBasis\3D Math &amp; Graphics">
      <UniqueIdentifier>{49d22f96-bbb4-4e2a-9330-6e391954e170}</UniqueIdentifier>
    </Filter>
  </ItemGroup>
  <ItemGroup>
    <ClInclude Include="pch.h">
      <Filter>Source</Filter>
    </ClInclude>
    <ClInclude Include="oWinHeaders.h">
      <Filter>Source</Filter>
    </ClInclude>
    <ClInclude Include="..\..\Include\oBasis\oHash.h">
      <Filter>oBasis</Filter>
    </ClInclude>
    <ClInclude Include="..\..\Include\oBasis\oBasis.h">
      <Filter>oBasis</Filter>
    </ClInclude>
    <ClInclude Include="..\..\Include\oBasis\oBit.h">
      <Filter>oBasis</Filter>
    </ClInclude>
    <ClInclude Include="..\..\Include\oBasis\oByte.h">
      <Filter>oBasis</Filter>
    </ClInclude>
    <ClInclude Include="oIndexAllocatorInternal.h">
      <Filter>Source</Filter>
    </ClInclude>
    <ClInclude Include="..\..\Include\oBasis\oByteSwizzle.h">
      <Filter>oBasis</Filter>
    </ClInclude>
    <ClInclude Include="..\..\Include\oBasis\oAlgorithm.h">
      <Filter>oBasis</Filter>
    </ClInclude>
    <ClInclude Include="..\..\Include\oBasis\oFilterChain.h">
      <Filter>oBasis</Filter>
    </ClInclude>
    <ClInclude Include="..\..\Include\oBasis\oStringize.h">
      <Filter>oBasis</Filter>
    </ClInclude>
    <ClInclude Include="..\..\Include\oBasis\oStdAtomic.h">
      <Filter>oBasis\C++11</Filter>
    </ClInclude>
    <ClInclude Include="..\..\Include\oBasis\oStdTypeTraits.h">
      <Filter>oBasis\C++11</Filter>
    </ClInclude>
    <ClInclude Include="..\..\Include\oBasis\oStdChrono.h">
      <Filter>oBasis\C++11</Filter>
    </ClInclude>
    <ClInclude Include="..\..\Include\oBasis\oStdMutex.h">
      <Filter>oBasis\C++11</Filter>
    </ClInclude>
    <ClInclude Include="..\..\Include\oBasis\oStdRatio.h">
      <Filter>oBasis\C++11</Filter>
    </ClInclude>
    <ClInclude Include="..\..\Include\oBasis\oStdThread.h">
      <Filter>oBasis\C++11</Filter>
    </ClInclude>
    <ClInclude Include="..\..\Include\oBasis\oConcurrentIndexAllocator.h">
      <Filter>oBasis\Concurrency</Filter>
    </ClInclude>
    <ClInclude Include="..\..\Include\oBasis\oConcurrentQueue.h">
      <Filter>oBasis\Concurrency</Filter>
    </ClInclude>
    <ClInclude Include="..\..\Include\oBasis\oLockFreeQueue.h">
      <Filter>oBasis\Concurrency</Filter>
    </ClInclude>
    <ClInclude Include="..\..\Include\oBasis\oLockedPointer.h">
      <Filter>oBasis\Concurrency</Filter>
    </ClInclude>
    <ClInclude Include="..\..\Include\oBasis\oIndexAllocator.h">
      <Filter>oBasis\Allocators</Filter>
    </ClInclude>
    <ClInclude Include="..\..\Include\oBasis\oStdAllocator.h">
      <Filter>oBasis\Allocators</Filter>
    </ClInclude>
    <ClInclude Include="..\..\Include\oBasis\oTaggedPointer.h">
      <Filter>oBasis\Concurrency</Filter>
    </ClInclude>
    <ClInclude Include="..\..\Include\oBasis\oString.h">
      <Filter>oBasis\String Parsing</Filter>
    </ClInclude>
    <ClInclude Include="..\..\Include\oBasis\oURI.h">
      <Filter>oBasis\String Parsing</Filter>
    </ClInclude>
    <ClInclude Include="..\..\Include\oBasis\oPath.h">
      <Filter>oBasis\String Parsing</Filter>
    </ClInclude>
    <ClInclude Include="..\..\Include\oBasis\oAtof.h">
      <Filter>oBasis\String Parsing</Filter>
    </ClInclude>
    <ClInclude Include="..\..\Include\oBasis\oThreadsafe.h">
      <Filter>oBasis\Language Enhancements</Filter>
    </ClInclude>
    <ClInclude Include="..\..\Include\oBasis\oLimits.h">
      <Filter>oBasis\Language Enhancements</Filter>
    </ClInclude>
    <ClInclude Include="..\..\Include\oBasis\oEqual.h">
      <Filter>oBasis\Language Enhancements</Filter>
    </ClInclude>
    <ClInclude Include="..\..\Include\oBasis\oAssert.h">
      <Filter>oBasis\Language Enhancements</Filter>
    </ClInclude>
    <ClInclude Include="..\..\Include\oBasis\oCallable.h">
      <Filter>oBasis\Language Enhancements</Filter>
    </ClInclude>
    <ClInclude Include="..\..\Include\oBasis\oError.h">
      <Filter>oBasis\Language Enhancements</Filter>
    </ClInclude>
    <ClInclude Include="..\..\Include\oBasis\oMemory.h">
      <Filter>oBasis\Language Enhancements</Filter>
    </ClInclude>
    <ClInclude Include="..\..\Include\oBasis\oLockedVector.h">
      <Filter>oBasis\Concurrency</Filter>
    </ClInclude>
    <ClInclude Include="..\..\Include\oBasis\oCSV.h">
      <Filter>oBasis\String Parsing</Filter>
    </ClInclude>
    <ClInclude Include="..\..\Include\oBasis\oINI.h">
      <Filter>oBasis\String Parsing</Filter>
    </ClInclude>
    <ClInclude Include="..\..\Include\oBasis\oXML.h">
      <Filter>oBasis\String Parsing</Filter>
    </ClInclude>
    <ClInclude Include="perlin.h">
      <Filter>Source</Filter>
    </ClInclude>
    <ClInclude Include="..\..\Include\oBasis\oNonCopyable.h">
      <Filter>oBasis\Language Enhancements</Filter>
    </ClInclude>
    <ClInclude Include="..\..\Include\oBasis\oMacros.h">
      <Filter>oBasis\Language Enhancements</Filter>
    </ClInclude>
    <ClInclude Include="..\..\Include\oBasis\oOperators.h">
      <Filter>oBasis\Language Enhancements</Filter>
    </ClInclude>
    <ClInclude Include="..\..\Include\oBasis\oIntrinsic.h">
      <Filter>oBasis\Language Enhancements</Filter>
    </ClInclude>
    <ClInclude Include="..\..\Include\oBasis\oLibc.h">
      <Filter>oBasis\Language Enhancements</Filter>
    </ClInclude>
    <ClInclude Include="..\..\Include\oBasis\oColor.h">
      <Filter>oBasis\Types</Filter>
    </ClInclude>
    <ClInclude Include="..\..\Include\oBasis\oGUID.h">
      <Filter>oBasis\Types</Filter>
    </ClInclude>
    <ClInclude Include="..\..\Include\oBasis\oUint128.h">
      <Filter>oBasis\Types</Filter>
    </ClInclude>
    <ClInclude Include="..\..\Include\oBasis\oRefCount.h">
      <Filter>oBasis\Types</Filter>
    </ClInclude>
    <ClInclude Include="..\..\Include\oBasis\oRef.h">
      <Filter>oBasis\Types</Filter>
    </ClInclude>
    <ClInclude Include="..\..\Include\oBasis\oMathTypes.h">
      <Filter>oBasis\Types</Filter>
    </ClInclude>
    <ClInclude Include="..\..\Include\oBasis\oMathInternalTypes.h">
      <Filter>oBasis\Types</Filter>
    </ClInclude>
    <ClInclude Include="..\..\Include\oBasis\oInterface.h">
      <Filter>oBasis\Types</Filter>
    </ClInclude>
    <ClInclude Include="..\..\Include\oBasis\oFixedString.h">
      <Filter>oBasis\Types</Filter>
    </ClInclude>
    <ClInclude Include="..\..\Include\oBasis\oArray.h">
      <Filter>oBasis\Types</Filter>
    </ClInclude>
    <ClInclude Include="..\..\Include\oBasis\oInvalid.h">
      <Filter>oBasis\Language Enhancements</Filter>
    </ClInclude>
    <ClInclude Include="..\..\Include\oBasis\oOSC.h">
      <Filter>oBasis\String Parsing</Filter>
    </ClInclude>
    <ClInclude Include="..\..\Include\oBasis\oTimer.h">
      <Filter>oBasis</Filter>
    </ClInclude>
    <ClInclude Include="..\..\Include\oBasis\oEightCC.h">
      <Filter>oBasis\Types</Filter>
    </ClInclude>
    <ClInclude Include="..\..\Include\oBasis\oFourCC.h">
      <Filter>oBasis\Types</Filter>
    </ClInclude>
    <ClInclude Include="oAllocatorTLSF.h">
      <Filter>Source</Filter>
    </ClInclude>
    <ClInclude Include="..\..\Include\oBasis\oAllocator.h">
      <Filter>oBasis\Allocators</Filter>
    </ClInclude>
    <ClInclude Include="..\..\Include\oBasis\oAllocatorTLSF.h">
      <Filter>oBasis\Allocators</Filter>
    </ClInclude>
    <ClInclude Include="..\..\Include\oBasis\oBuffer.h">
      <Filter>oBasis</Filter>
    </ClInclude>
    <ClInclude Include="..\..\Include\oBasis\oBufferPool.h">
      <Filter>oBasis</Filter>
    </ClInclude>
    <ClInclude Include="..\..\Include\oBasis\oFor.h">
      <Filter>oBasis\C++11</Filter>
    </ClInclude>
    <ClInclude Include="..\..\Include\oBasis\oOnScopeExit.h">
      <Filter>oBasis</Filter>
    </ClInclude>
    <ClInclude Include="..\..\Include\oBasis\oBackoff.h">
      <Filter>oBasis\Concurrency</Filter>
    </ClInclude>
    <ClInclude Include="..\..\Include\oBasis\oStdConditionVariable.h">
      <Filter>oBasis\C++11</Filter>
    </ClInclude>
    <ClInclude Include="..\..\Include\oBasis\oPlatformFeatures.h">
      <Filter>oBasis</Filter>
    </ClInclude>
    <ClInclude Include="..\..\Include\oBasis\oDispatchQueue.h">
      <Filter>oBasis\Concurrency</Filter>
    </ClInclude>
    <ClInclude Include="..\..\Include\oBasis\oDispatchQueuePrivate.h">
      <Filter>oBasis\Concurrency</Filter>
    </ClInclude>
    <ClInclude Include="..\..\Include\oBasis\oTask.h">
      <Filter>oBasis\Concurrency</Filter>
    </ClInclude>
    <ClInclude Include="..\..\Include\oBasis\oCountdownLatch.h">
      <Filter>oBasis\Concurrency</Filter>
    </ClInclude>
    <ClInclude Include="..\..\Include\oBasis\oDispatchQueueGlobal.h">
      <Filter>oBasis\Concurrency</Filter>
    </ClInclude>
    <ClInclude Include="..\..\Include\oBasis\oFunction.h">
      <Filter>oBasis\Language Enhancements</Filter>
    </ClInclude>
    <ClInclude Include="..\..\Include\oBasis\oMutex.h">
      <Filter>oBasis\Concurrency\C++11 Threadsafe Wrappers</Filter>
    </ClInclude>
    <ClInclude Include="..\..\Include\oBasis\oConditionVariable.h">
      <Filter>oBasis\Concurrency\C++11 Threadsafe Wrappers</Filter>
    </ClInclude>
    <ClInclude Include="..\..\Include\oBasis\oThread.h">
      <Filter>oBasis\Concurrency\C++11 Threadsafe Wrappers</Filter>
    </ClInclude>
    <ClInclude Include="..\..\Include\oBasis\oDispatchQueueConcurrent.h">
      <Filter>oBasis\Concurrency</Filter>
    </ClInclude>
    <ClInclude Include="..\..\Include\oBasis\oFiber.h">
      <Filter>oBasis\Concurrency</Filter>
    </ClInclude>
    <ClInclude Include="..\..\Include\oBasis\oLeakTracker.h">
      <Filter>oBasis</Filter>
    </ClInclude>
    <ClInclude Include="..\..\Include\oBasis\oSurface.h">
      <Filter>oBasis</Filter>
    </ClInclude>
    <ClInclude Include="..\..\Include\oBasis\oLinearAllocator.h">
      <Filter>oBasis\Allocators</Filter>
    </ClInclude>
    <ClInclude Include="..\..\Include\oBasis\oUnorderedMap.h">
      <Filter>oBasis\Types</Filter>
    </ClInclude>
    <ClInclude Include="..\..\Include\oBasis\oBlockAllocatorFixed.h">
      <Filter>oBasis\Allocators</Filter>
    </ClInclude>
    <ClInclude Include="..\..\Include\oBasis\oBlockAllocatorGrowable.h">
      <Filter>oBasis\Allocators</Filter>
    </ClInclude>
    <ClInclude Include="..\..\Include\oBasis\oVersion.h">
      <Filter>oBasis\Types</Filter>
    </ClInclude>
    <ClInclude Include="..\..\Include\oBasis\oSurfaceFill.h">
      <Filter>oBasis</Filter>
    </ClInclude>
    <ClInclude Include="..\..\Include\oBasis\oInitOnce.h">
      <Filter>oBasis\Concurrency</Filter>
    </ClInclude>
    <ClInclude Include="..\..\Include\oBasis\oTypes.h">
      <Filter>oBasis\Types</Filter>
    </ClInclude>
    <ClInclude Include="..\..\Include\oBasis\oCompression.h">
      <Filter>oBasis</Filter>
    </ClInclude>
    <ClInclude Include="..\..\Include\oBasis\oStdFuture.h">
      <Filter>oBasis\C++11</Filter>
    </ClInclude>
    <ClInclude Include="..\..\Include\oBasis\oInt.h">
      <Filter>oBasis\Types</Filter>
    </ClInclude>
    <ClInclude Include="..\..\Include\oBasis\SafeInt3.h">
      <Filter>oBasis\Types</Filter>
    </ClInclude>
    <ClInclude Include="..\..\Include\oBasis\oDispatchQueueGlobalT.h">
      <Filter>oBasis\Concurrency</Filter>
    </ClInclude>
    <ClInclude Include="..\..\External\bullet\vectormathlibrary\include\vectormath\scalar\cpp\mat_aos.h">
      <Filter>Source\Bullet-Vectormathlib</Filter>
    </ClInclude>
    <ClInclude Include="..\..\External\bullet\vectormathlibrary\include\vectormath\scalar\cpp\vectormath_aos_d.h">
      <Filter>Source\Bullet-Vectormathlib</Filter>
    </ClInclude>
    <ClInclude Include="..\..\External\bullet\vectormathlibrary\include\vectormath\scalar\cpp\mat_aos_d.h">
      <Filter>Source\Bullet-Vectormathlib</Filter>
    </ClInclude>
    <ClInclude Include="..\..\External\bullet\vectormathlibrary\include\vectormath\scalar\cpp\quat_aos.h">
      <Filter>Source\Bullet-Vectormathlib</Filter>
    </ClInclude>
    <ClInclude Include="..\..\External\bullet\vectormathlibrary\include\vectormath\scalar\cpp\quat_aos_d.h">
      <Filter>Source\Bullet-Vectormathlib</Filter>
    </ClInclude>
    <ClInclude Include="..\..\External\bullet\vectormathlibrary\include\vectormath\scalar\cpp\vec_aos.h">
      <Filter>Source\Bullet-Vectormathlib</Filter>
    </ClInclude>
    <ClInclude Include="..\..\External\bullet\vectormathlibrary\include\vectormath\scalar\cpp\vec_aos_d.h">
      <Filter>Source\Bullet-Vectormathlib</Filter>
    </ClInclude>
    <ClInclude Include="..\..\External\bullet\vectormathlibrary\include\vectormath\scalar\cpp\vectormath_aos.h">
      <Filter>Source\Bullet-Vectormathlib</Filter>
    </ClInclude>
    <ClInclude Include="..\..\Include\oBasis\oEvent.h">
      <Filter>oBasis\Concurrency\C++11 Threadsafe Wrappers</Filter>
    </ClInclude>
    <ClInclude Include="..\..\Include\oBasis\oMIME.h">
      <Filter>oBasis</Filter>
    </ClInclude>
    <ClInclude Include="..\..\Include\oBasis\oStddef.h">
      <Filter>oBasis</Filter>
    </ClInclude>
    <ClInclude Include="..\..\Include\oBasis\oX11KeyboardSymbols.h">
      <Filter>oBasis</Filter>
    </ClInclude>
    <ClInclude Include="..\..\Include\oBasis\oGUI.h">
      <Filter>oBasis</Filter>
    </ClInclude>
    <ClInclude Include="..\..\Include\oBasis\oGeometry.h">
      <Filter>oBasis\3D Math &amp; Graphics</Filter>
    </ClInclude>
    <ClInclude Include="..\..\Include\oBasis\oMeshUtil.h">
      <Filter>oBasis\3D Math &amp; Graphics</Filter>
    </ClInclude>
    <ClInclude Include="..\..\Include\oBasis\oLockThis.h">
      <Filter>oBasis\Concurrency</Filter>
    </ClInclude>
    <ClInclude Include="..\..\Include\oBasis\oJoinable.h">
      <Filter>oBasis\Concurrency</Filter>
    </ClInclude>
    <ClInclude Include="calfaq.h">
      <Filter>Source</Filter>
    </ClInclude>
    <ClInclude Include="..\..\Include\oBasis\oDate.h">
      <Filter>oBasis\Types</Filter>
    </ClInclude>
    <ClInclude Include="..\..\Include\oBasis\oOBJ.h">
      <Filter>oBasis\3D Math &amp; Graphics</Filter>
    </ClInclude>
    <ClInclude Include="..\..\Include\oBasis\oGPUEnums.h">
      <Filter>oBasis\3D Math &amp; Graphics</Filter>
    </ClInclude>
    <ClInclude Include="..\..\Include\oBasis\oArcball.h">
      <Filter>oBasis\3D Math &amp; Graphics</Filter>
    </ClInclude>
    <ClInclude Include="..\..\Include\oBasis\oMath.h">
      <Filter>oBasis\3D Math &amp; Graphics</Filter>
    </ClInclude>
    <ClInclude Include="..\..\Include\oBasis\oEye.h">
      <Filter>oBasis\3D Math &amp; Graphics</Filter>
    </ClInclude>
    <ClInclude Include="..\..\Include\oBasis\oMathShared.h">
      <Filter>oBasis\3D Math &amp; Graphics</Filter>
    </ClInclude>
    <ClInclude Include="..\..\Include\oBasis\oHLSLTypes.h">
      <Filter>oBasis\3D Math &amp; Graphics</Filter>
    </ClInclude>
    <ClInclude Include="..\..\Include\oBasis\oHLSLMath.h">
      <Filter>oBasis\3D Math &amp; Graphics</Filter>
    </ClInclude>
    <ClInclude Include="..\..\Include\oBasis\oHLSLAtomics.h">
      <Filter>oBasis\3D Math &amp; Graphics</Filter>
    </ClInclude>
    <ClInclude Include="..\..\Include\oBasis\oHLSLStructs.h">
      <Filter>oBasis\3D Math &amp; Graphics</Filter>
    </ClInclude>
    <ClInclude Include="..\..\Include\oBasis\oHLSLBit.h">
      <Filter>oBasis\3D Math &amp; Graphics</Filter>
    </ClInclude>
  </ItemGroup>
  <ItemGroup>
    <ClCompile Include="oStdChrono.cpp">
      <Filter>Source</Filter>
    </ClCompile>
    <ClCompile Include="oStdMutex.cpp">
      <Filter>Source</Filter>
    </ClCompile>
    <ClCompile Include="oStdThread.cpp">
      <Filter>Source</Filter>
    </ClCompile>
    <ClCompile Include="pch.cpp">
      <Filter>Source</Filter>
    </ClCompile>
    <ClCompile Include="oHash.cpp">
      <Filter>Source</Filter>
    </ClCompile>
    <ClCompile Include="oEqual.cpp">
      <Filter>Source</Filter>
    </ClCompile>
    <ClCompile Include="oIndexAllocator.cpp">
      <Filter>Source</Filter>
    </ClCompile>
    <ClCompile Include="oConcurrentIndexAllocator.cpp">
      <Filter>Source</Filter>
    </ClCompile>
    <ClCompile Include="oMemory.cpp">
      <Filter>Source</Filter>
    </ClCompile>
    <ClCompile Include="oPath.cpp">
      <Filter>Source</Filter>
    </ClCompile>
    <ClCompile Include="oAlgorithm.cpp">
      <Filter>Source</Filter>
    </ClCompile>
    <ClCompile Include="oString.cpp">
      <Filter>Source</Filter>
    </ClCompile>
    <ClCompile Include="oStringize.cpp">
      <Filter>Source</Filter>
    </ClCompile>
    <ClCompile Include="oGUID.cpp">
      <Filter>Source</Filter>
    </ClCompile>
    <ClCompile Include="oURI.cpp">
      <Filter>Source</Filter>
    </ClCompile>
    <ClCompile Include="oColor.cpp">
      <Filter>Source</Filter>
    </ClCompile>
    <ClCompile Include="oError.cpp">
      <Filter>Source</Filter>
    </ClCompile>
    <ClCompile Include="oOSC.cpp">
      <Filter>Source</Filter>
    </ClCompile>
    <ClCompile Include="oCppParsing.cpp">
      <Filter>Source</Filter>
    </ClCompile>
    <ClCompile Include="oINI.cpp">
      <Filter>Source</Filter>
    </ClCompile>
    <ClCompile Include="oInterface.cpp">
      <Filter>Source</Filter>
    </ClCompile>
    <ClCompile Include="oXML.cpp">
      <Filter>Source</Filter>
    </ClCompile>
    <ClCompile Include="oCSV.cpp">
      <Filter>Source</Filter>
    </ClCompile>
    <ClCompile Include="oMath.cpp">
      <Filter>Source</Filter>
    </ClCompile>
    <ClCompile Include="perlin.cpp">
      <Filter>Source</Filter>
    </ClCompile>
    <ClCompile Include="oSurface.cpp">
      <Filter>Source</Filter>
    </ClCompile>
    <ClCompile Include="oFourCC.cpp">
      <Filter>Source</Filter>
    </ClCompile>
    <ClCompile Include="oEightCC.cpp">
      <Filter>Source</Filter>
    </ClCompile>
    <ClCompile Include="oAllocator.cpp">
      <Filter>Source</Filter>
    </ClCompile>
    <ClCompile Include="oAllocatorTLSF.cpp">
      <Filter>Source</Filter>
    </ClCompile>
    <ClCompile Include="oBuffer.cpp">
      <Filter>Source</Filter>
    </ClCompile>
    <ClCompile Include="oBufferPool.cpp">
      <Filter>Source</Filter>
    </ClCompile>
    <ClCompile Include="oStdConditionVariable.cpp">
      <Filter>Source</Filter>
    </ClCompile>
    <ClCompile Include="oDispatchQueuePrivate.cpp">
      <Filter>Source</Filter>
    </ClCompile>
    <ClCompile Include="oDispatchQueue.cpp">
      <Filter>Source</Filter>
    </ClCompile>
    <ClCompile Include="oDispatchQueueGlobal.cpp">
      <Filter>Source</Filter>
    </ClCompile>
    <ClCompile Include="oGeometry.cpp">
      <Filter>Source</Filter>
    </ClCompile>
    <ClCompile Include="oMeshUtil.cpp">
      <Filter>Source</Filter>
    </ClCompile>
    <ClCompile Include="oDispatchQueueConcurrent.cpp">
      <Filter>Source</Filter>
    </ClCompile>
    <ClCompile Include="oLeakTracker.cpp">
      <Filter>Source</Filter>
    </ClCompile>
    <ClCompile Include="oBlockAllocatorFixed.cpp">
      <Filter>Source</Filter>
    </ClCompile>
    <ClCompile Include="oBlockAllocatorGrowable.cpp">
      <Filter>Source</Filter>
    </ClCompile>
    <ClCompile Include="oTimer.cpp">
      <Filter>Source</Filter>
    </ClCompile>
    <ClCompile Include="oSurfaceFill.cpp">
      <Filter>Source</Filter>
    </ClCompile>
    <ClCompile Include="oCompression.cpp">
      <Filter>Source</Filter>
    </ClCompile>
    <ClCompile Include="oVersion.cpp">
      <Filter>Source</Filter>
    </ClCompile>
    <ClCompile Include="oStdFuture.cpp">
      <Filter>Source</Filter>
    </ClCompile>
    <ClCompile Include="oMIME.cpp">
      <Filter>Source</Filter>
    </ClCompile>
    <ClCompile Include="oGUI.cpp">
      <Filter>Source</Filter>
    </ClCompile>
    <ClCompile Include="oDate.cpp">
      <Filter>Source</Filter>
    </ClCompile>
    <ClCompile Include="calfaq.cpp">
      <Filter>Source</Filter>
    </ClCompile>
    <ClCompile Include="oOBJ.cpp">
      <Filter>Source</Filter>
    </ClCompile>
    <ClCompile Include="oGPUEnums.cpp">
      <Filter>Source</Filter>
    </ClCompile>
  </ItemGroup>
</Project>