<?xml version="1.0" encoding="utf-8"?>
<Project ToolsVersion="4.0" xmlns="http://schemas.microsoft.com/developer/msbuild/2003">
  <ItemGroup>
    <ClCompile Include="oD3D11CommandList.cpp">
      <Filter>Source\D3D11</Filter>
    </ClCompile>
    <ClCompile Include="oD3D11Device.cpp">
      <Filter>Source\D3D11</Filter>
    </ClCompile>
    <ClCompile Include="oD3D11Pipeline.cpp">
      <Filter>Source\D3D11</Filter>
    </ClCompile>
    <ClCompile Include="oD3D11RenderTarget.cpp">
      <Filter>Source\D3D11</Filter>
    </ClCompile>
    <ClCompile Include="oD3D11Texture.cpp">
      <Filter>Source\D3D11</Filter>
    </ClCompile>
    <ClCompile Include="oGPUUtil.cpp">
      <Filter>Source</Filter>
    </ClCompile>
    <ClCompile Include="pch.cpp">
      <Filter>Source</Filter>
    </ClCompile>
    <ClCompile Include="oD3D11ComputeShader.cpp">
      <Filter>Source\D3D11</Filter>
    </ClCompile>
    <ClCompile Include="oD3D11Buffer.cpp">
      <Filter>Source\D3D11</Filter>
    </ClCompile>
    <ClCompile Include="oD3D11IO.cpp">
      <Filter>Source\D3D11</Filter>
    </ClCompile>
    <ClCompile Include="oD3D11Query.cpp">
      <Filter>Source\D3D11</Filter>
    </ClCompile>
    <ClCompile Include="d3d11_util.cpp">
      <Filter>Source\D3D11</Filter>
    </ClCompile>
    <ClCompile Include="dxgi_util.cpp">
      <Filter>Source\D3D11</Filter>
    </ClCompile>
    <ClCompile Include="d3dx11_util.cpp">
      <Filter>Source\D3D11</Filter>
    </ClCompile>
  </ItemGroup>
  <ItemGroup>
    <ClInclude Include="oGPUCommon.h">
      <Filter>Source</Filter>
    </ClInclude>
    <ClInclude Include="oD3D11Texture.h">
      <Filter>Source\D3D11</Filter>
    </ClInclude>
    <ClInclude Include="oD3D11CommandList.h">
      <Filter>Source\D3D11</Filter>
    </ClInclude>
    <ClInclude Include="oD3D11Device.h">
      <Filter>Source\D3D11</Filter>
    </ClInclude>
    <ClInclude Include="oD3D11Pipeline.h">
      <Filter>Source\D3D11</Filter>
    </ClInclude>
    <ClInclude Include="oD3D11RenderTarget.h">
      <Filter>Source\D3D11</Filter>
    </ClInclude>
    <ClInclude Include="..\..\Include\oGPU\oGPU.h">
      <Filter>Headers</Filter>
    </ClInclude>
    <ClInclude Include="..\..\Include\oGPU\oGPUConstants.h">
      <Filter>Headers</Filter>
    </ClInclude>
    <ClInclude Include="pch.h">
      <Filter>Source</Filter>
    </ClInclude>
    <ClInclude Include="oD3D11ComputeShader.h">
      <Filter>Source\D3D11</Filter>
    </ClInclude>
    <ClInclude Include="oD3D11Buffer.h">
      <Filter>Source\D3D11</Filter>
    </ClInclude>
    <ClInclude Include="oD3D11Query.h">
      <Filter>Source\D3D11</Filter>
    </ClInclude>
    <ClInclude Include="..\..\Include\oGPU\oGPUUtil.h">
      <Filter>Headers</Filter>
    </ClInclude>
    <ClInclude Include="d3d11_util.h">
      <Filter>Source\D3D11</Filter>
    </ClInclude>
    <ClInclude Include="dxgi_util.h">
      <Filter>Source\D3D11</Filter>
    </ClInclude>
    <ClInclude Include="d3dx11_util.h">
      <Filter>Source\D3D11</Filter>
    </ClInclude>
  </ItemGroup>
  <ItemGroup>
    <Filter Include="Headers">
      <UniqueIdentifier>{2e43fcc8-7a2c-4c31-b3fa-0afa92967c1f}</UniqueIdentifier>
    </Filter>
    <Filter Include="Source">
      <UniqueIdentifier>{8296491c-a15c-4f32-bf7b-dc833625e4d5}</UniqueIdentifier>
    </Filter>
    <Filter Include="Source\D3D11">
      <UniqueIdentifier>{1adba936-89bf-4e16-830f-fb5c7b91e8a1}</UniqueIdentifier>
    </Filter>
  </ItemGroup>
  <ItemGroup>
    <CustomBuild Include="oGPUShaders.hlsl">
      <Filter>Source\D3D11</Filter>
    </CustomBuild>
  </ItemGroup>
  <ItemGroup>
    <None Include="oGPUShaders.txt">
      <Filter>Source\D3D11</Filter>
    </None>
  </ItemGroup>
</Project>