<?xml version="1.0" encoding="utf-8"?>
<Project ToolsVersion="4.0" xmlns="http://schemas.microsoft.com/developer/msbuild/2003">
  <ItemGroup>
    <ClCompile Include="oGPUCommon.cpp">
      <Filter>Source</Filter>
    </ClCompile>
    <ClCompile Include="oD3D11CommandList.cpp">
      <Filter>Source\D3D11</Filter>
    </ClCompile>
    <ClCompile Include="oD3D11Device.cpp">
      <Filter>Source\D3D11</Filter>
    </ClCompile>
    <ClCompile Include="oD3D11InstanceList.cpp">
      <Filter>Source\D3D11</Filter>
    </ClCompile>
    <ClCompile Include="oD3D11LineList.cpp">
      <Filter>Source\D3D11</Filter>
    </ClCompile>
    <ClCompile Include="oD3D11Mesh.cpp">
      <Filter>Source\D3D11</Filter>
    </ClCompile>
    <ClCompile Include="oD3D11Pipeline.cpp">
      <Filter>Source\D3D11</Filter>
    </ClCompile>
    <ClCompile Include="oD3D11RenderTarget.cpp">
      <Filter>Source\D3D11</Filter>
    </ClCompile>
    <ClCompile Include="oD3D11Texture.cpp">
      <Filter>Source\D3D11</Filter>
    </ClCompile>
    <ClCompile Include="oGPUUtil.cpp">
      <Filter>Source</Filter>
    </ClCompile>
    <ClCompile Include="pch.cpp">
      <Filter>Source</Filter>
    </ClCompile>
    <ClCompile Include="oGPUWindow.cpp">
      <Filter>Source</Filter>
    </ClCompile>
    <ClCompile Include="oGPUMaterialConstants.cpp">
      <Filter>Source</Filter>
    </ClCompile>
    <ClCompile Include="oD3D11ComputeShader.cpp">
      <Filter>Source\D3D11</Filter>
    </ClCompile>
    <ClCompile Include="oGPUPickBuffer.cpp">
      <Filter>Source</Filter>
    </ClCompile>
    <ClCompile Include="oD3D11Buffer.cpp">
      <Filter>Source\D3D11</Filter>
    </ClCompile>
    <ClCompile Include="oGPUUtil_Pipelines.cpp">
      <Filter>Source</Filter>
    </ClCompile>
    <ClCompile Include="oD3D11IO.cpp">
      <Filter>Source\D3D11</Filter>
    </ClCompile>
  </ItemGroup>
  <ItemGroup>
    <ClInclude Include="oGPUCommon.h">
      <Filter>Source</Filter>
    </ClInclude>
    <ClInclude Include="oD3D11Texture.h">
      <Filter>Source\D3D11</Filter>
    </ClInclude>
    <ClInclude Include="oD3D11CommandList.h">
      <Filter>Source\D3D11</Filter>
    </ClInclude>
    <ClInclude Include="oD3D11Device.h">
      <Filter>Source\D3D11</Filter>
    </ClInclude>
    <ClInclude Include="oD3D11InstanceList.h">
      <Filter>Source\D3D11</Filter>
    </ClInclude>
    <ClInclude Include="oD3D11LineList.h">
      <Filter>Source\D3D11</Filter>
    </ClInclude>
    <ClInclude Include="oD3D11Mesh.h">
      <Filter>Source\D3D11</Filter>
    </ClInclude>
    <ClInclude Include="oD3D11Pipeline.h">
      <Filter>Source\D3D11</Filter>
    </ClInclude>
    <ClInclude Include="oD3D11RenderTarget.h">
      <Filter>Source\D3D11</Filter>
    </ClInclude>
    <ClInclude Include="..\..\Include\oGPU\oGPU.h">
      <Filter>Headers</Filter>
    </ClInclude>
    <ClInclude Include="..\..\Include\oGPU\oGPUConstants.h">
      <Filter>Headers</Filter>
    </ClInclude>
    <ClInclude Include="pch.h">
      <Filter>Source</Filter>
    </ClInclude>
    <ClInclude Include="..\..\Include\oGPU\oGPUWindow.h">
      <Filter>Headers</Filter>
    </ClInclude>
    <ClInclude Include="oD3D11ComputeShader.h">
      <Filter>Source\D3D11</Filter>
    </ClInclude>
    <ClInclude Include="oD3D11Buffer.h">
      <Filter>Source\D3D11</Filter>
    </ClInclude>
    <ClInclude Include="Shaders\oGPUHLSLCommon.h">
      <Filter>Source\D3D11\Shaders\Headers</Filter>
    </ClInclude>
    <ClInclude Include="..\..\Include\oGPU\oGPUShared.h">
      <Filter>Headers</Filter>
    </ClInclude>
    <ClInclude Include="..\..\Include\oGPU\oGPUIO.h">
      <Filter>Headers</Filter>
    </ClInclude>
    <ClInclude Include="..\..\Include\oGPU\oGPUMaterialConstants.h">
      <Filter>Headers\Utility</Filter>
    </ClInclude>
    <ClInclude Include="..\..\Include\oGPU\oGPUDrawConstants.h">
      <Filter>Headers\Utility</Filter>
    </ClInclude>
    <ClInclude Include="..\..\Include\oGPU\oGPUUtil.h">
      <Filter>Headers\Utility</Filter>
    </ClInclude>
    <ClInclude Include="..\..\Include\oGPU\oGPUViewConstants.h">
      <Filter>Headers\Utility</Filter>
    </ClInclude>
    <ClInclude Include="..\..\Include\oGPU\oGPUPickBuffer.h">
      <Filter>Headers\Utility</Filter>
    </ClInclude>
  </ItemGroup>
  <ItemGroup>
    <Filter Include="Headers">
      <UniqueIdentifier>{2e43fcc8-7a2c-4c31-b3fa-0afa92967c1f}</UniqueIdentifier>
    </Filter>
    <Filter Include="Source">
      <UniqueIdentifier>{8296491c-a15c-4f32-bf7b-dc833625e4d5}</UniqueIdentifier>
    </Filter>
    <Filter Include="Source\D3D11">
      <UniqueIdentifier>{1adba936-89bf-4e16-830f-fb5c7b91e8a1}</UniqueIdentifier>
    </Filter>
    <Filter Include="Source\D3D11\Shaders">
      <UniqueIdentifier>{b160c573-ab2f-4a0d-b342-b6b0a89820f0}</UniqueIdentifier>
    </Filter>
    <Filter Include="Source\D3D11\Shaders\Headers">
      <UniqueIdentifier>{6324ff38-cf1c-40cd-864c-27abc4fa7683}</UniqueIdentifier>
    </Filter>
    <Filter Include="Headers\Utility">
      <UniqueIdentifier>{037bd865-c2ab-4b55-9107-51c04276a6b7}</UniqueIdentifier>
    </Filter>
  </ItemGroup>
  <ItemGroup>
    <FXC Include="Shaders\NoopCS.sh">
      <Filter>Source\D3D11\Shaders</Filter>
    </FXC>
    <FXC Include="Shaders\oGPU_PS4_0_GRID.sh">
      <Filter>Source\D3D11\Shaders</Filter>
    </FXC>
    <FXC Include="Shaders\oGPU_PS4_0_LINE.sh">
      <Filter>Source\D3D11\Shaders</Filter>
    </FXC>
    <FXC Include="Shaders\oGPU_VS4_0_LINE.sh">
      <Filter>Source\D3D11\Shaders</Filter>
    </FXC>
    <FXC Include="Shaders\oGPU_VS4_0_OBJ_COMMON.sh">
      <Filter>Source\D3D11\Shaders</Filter>
    </FXC>
    <FXC Include="Shaders\oGPU_VS4_0_OBJ_COMMON_INSTANCED.sh">
      <Filter>Source\D3D11\Shaders</Filter>
    </FXC>
    <FXC Include="Shaders\oGPU_PS4_0_OBJ_UNLIT.sh">
      <Filter>Source\D3D11\Shaders</Filter>
    </FXC>
    <FXC Include="Shaders\oGPU_PS4_0_OBJ_VERTEX_LIT.sh">
      <Filter>Source\D3D11\Shaders</Filter>
    </FXC>
    <FXC Include="Shaders\oGPU_PS4_0_POSITION.sh">
      <Filter>Source\D3D11\Shaders</Filter>
    </FXC>
    <FXC Include="Shaders\oGPU_PS4_0_TEXCOORD.sh">
      <Filter>Source\D3D11\Shaders</Filter>
    </FXC>
    <FXC Include="Shaders\oGPU_VS4_0_POSITION.sh">
      <Filter>Source\D3D11\Shaders</Filter>
    </FXC>
    <FXC Include="Shaders\oGPU_VS4_0_POSITION_INSTANCED.sh">
      <Filter>Source\D3D11\Shaders</Filter>
    </FXC>
    <FXC Include="Shaders\oGPU_VS4_0_SHADOW.sh">
      <Filter>Source\D3D11\Shaders</Filter>
    </FXC>
    <FXC Include="Shaders\oGPU_PS4_0_SHADOW.sh">
      <Filter>Source\D3D11\Shaders</Filter>
    </FXC>
    <FXC Include="Shaders\oGPU_PS4_0_WSNORMAL.sh">
      <Filter>Source\D3D11\Shaders</Filter>
    </FXC>
    <FXC Include="Shaders\oGPU_PS4_0_OBJ_PIXEL_LIT.sh">
      <Filter>Source\D3D11\Shaders</Filter>
    </FXC>
    <FXC Include="Shaders\oGPU_PS4_0_OBJECT_ID.sh">
      <Filter>Source\D3D11\Shaders</Filter>
    </FXC>
    <FXC Include="Shaders\oGPU_PS4_0_DEPTH.sh">
      <Filter>Source\D3D11\Shaders</Filter>
    </FXC>
    <FXC Include="Shaders\oGPU_VS4_0_DEPTH.sh">
      <Filter>Source\D3D11\Shaders</Filter>
    </FXC>
    <FXC Include="Shaders\oGPU_VS4_0_DEPTH_INSTANCED.sh">
      <Filter>Source\D3D11\Shaders</Filter>
    </FXC>
  </ItemGroup>
</Project>