<?xml version="1.0" encoding="utf-8"?>
<Project ToolsVersion="4.0" xmlns="http://schemas.microsoft.com/developer/msbuild/2003">
  <ItemGroup>
    <ClCompile Include="pch.cpp">
      <Filter>Source</Filter>
    </ClCompile>
    <ClCompile Include="dxgi_util.cpp">
      <Filter>Source\D3D11</Filter>
    </ClCompile>
    <ClCompile Include="d3dx11_util.cpp">
      <Filter>Source\D3D11</Filter>
    </ClCompile>
    <ClCompile Include="oGPUUtilMesh.cpp">
      <Filter>Source</Filter>
    </ClCompile>
    <ClCompile Include="gpu.cpp">
      <Filter>Source</Filter>
    </ClCompile>
    <ClCompile Include="d3d_include.cpp">
      <Filter>Source\D3D11</Filter>
    </ClCompile>
    <ClCompile Include="d3d_compile.cpp">
      <Filter>Source\D3D11</Filter>
    </ClCompile>
    <ClCompile Include="d3d_debug.cpp">
      <Filter>Source\D3D11</Filter>
    </ClCompile>
    <ClCompile Include="shader.cpp">
      <Filter>Source</Filter>
    </ClCompile>
    <ClCompile Include="d3d11_as_string.cpp">
      <Filter>Source\D3D11</Filter>
    </ClCompile>
    <ClCompile Include="state.cpp">
      <Filter>Source</Filter>
    </ClCompile>
    <ClCompile Include="vertex_layout.cpp">
      <Filter>Source\D3D11</Filter>
    </ClCompile>
    <ClCompile Include="d3d_prim.cpp">
      <Filter>Source\D3D11</Filter>
    </ClCompile>
    <ClCompile Include="d3d11_util.cpp">
      <Filter>Source\D3D11\old</Filter>
    </ClCompile>
    <ClCompile Include="d3d_resource.cpp">
      <Filter>Source\D3D11\old</Filter>
    </ClCompile>
    <ClCompile Include="oD3D11Query.cpp">
      <Filter>Source\D3D11\old</Filter>
    </ClCompile>
    <ClCompile Include="oD3D11Pipeline.cpp">
      <Filter>Source\D3D11\old</Filter>
    </ClCompile>
    <ClCompile Include="oD3D11IO.cpp">
      <Filter>Source\D3D11\old</Filter>
    </ClCompile>
    <ClCompile Include="oD3D11Device.cpp">
      <Filter>Source\D3D11\old</Filter>
    </ClCompile>
    <ClCompile Include="oD3D11CommandList.cpp">
      <Filter>Source\D3D11\old</Filter>
    </ClCompile>
    <ClCompile Include="d3d_util.cpp">
      <Filter>Source\D3D11</Filter>
    </ClCompile>
    <ClCompile Include="compute_target.cpp">
      <Filter>Source\buffers</Filter>
    </ClCompile>
    <ClCompile Include="constant_buffer.cpp">
      <Filter>Source\buffers</Filter>
    </ClCompile>
    <ClCompile Include="index_buffer.cpp">
      <Filter>Source\buffers</Filter>
    </ClCompile>
    <ClCompile Include="rwstructured_buffer.cpp">
      <Filter>Source\buffers</Filter>
    </ClCompile>
    <ClCompile Include="readback_buffer.cpp">
      <Filter>Source\buffers</Filter>
    </ClCompile>
    <ClCompile Include="raw_buffer.cpp">
      <Filter>Source\buffers</Filter>
    </ClCompile>
    <ClCompile Include="vertex_buffer.cpp">
      <Filter>Source\buffers</Filter>
    </ClCompile>
    <ClCompile Include="resource.cpp">
      <Filter>Source\textures</Filter>
    </ClCompile>
    <ClCompile Include="texture1d.cpp">
      <Filter>Source\textures</Filter>
    </ClCompile>
    <ClCompile Include="texture2d.cpp">
      <Filter>Source\textures</Filter>
    </ClCompile>
    <ClCompile Include="texture3d.cpp">
      <Filter>Source\textures</Filter>
    </ClCompile>
    <ClCompile Include="texturecube.cpp">
      <Filter>Source\textures</Filter>
    </ClCompile>
    <ClCompile Include="depth_target.cpp">
      <Filter>Source\targets</Filter>
    </ClCompile>
    <ClCompile Include="color_target.cpp">
      <Filter>Source\targets</Filter>
    </ClCompile>
    <ClCompile Include="primary_target.cpp">
      <Filter>Source\targets</Filter>
    </ClCompile>
  </ItemGroup>
  <ItemGroup>
    <ClInclude Include="oGPUCommon.h">
      <Filter>Source</Filter>
    </ClInclude>
    <ClInclude Include="pch.h">
      <Filter>Source</Filter>
    </ClInclude>
    <ClInclude Include="dxgi_util.h">
      <Filter>Source\D3D11</Filter>
    </ClInclude>
    <ClInclude Include="d3dx11_util.h">
      <Filter>Source\D3D11</Filter>
    </ClInclude>
    <ClInclude Include="d3d_include.h">
      <Filter>Source\D3D11</Filter>
    </ClInclude>
    <ClInclude Include="d3d_compile.h">
      <Filter>Source\D3D11</Filter>
    </ClInclude>
    <ClInclude Include="d3d_debug.h">
      <Filter>Source\D3D11</Filter>
    </ClInclude>
    <ClInclude Include="d3d_types.h">
      <Filter>Source\D3D11</Filter>
    </ClInclude>
    <ClInclude Include="..\..\Include\oGPU\shader.h">
      <Filter>Headers</Filter>
    </ClInclude>
    <ClInclude Include="d3d11_as_string.h">
      <Filter>Source\D3D11</Filter>
    </ClInclude>
    <ClInclude Include="..\..\Include\oGPU\state.h">
      <Filter>Headers</Filter>
    </ClInclude>
    <ClInclude Include="..\..\Include\oGPU\vertex_layout.h">
      <Filter>Headers</Filter>
    </ClInclude>
    <ClInclude Include="d3d_prim.h">
      <Filter>Source\D3D11</Filter>
    </ClInclude>
    <ClInclude Include="d3d11_util.h">
      <Filter>Source\D3D11\old</Filter>
    </ClInclude>
    <ClInclude Include="d3d_resource.h">
      <Filter>Source\D3D11\old</Filter>
    </ClInclude>
    <ClInclude Include="oD3D11Query.h">
      <Filter>Source\D3D11\old</Filter>
    </ClInclude>
    <ClInclude Include="oD3D11Pipeline.h">
      <Filter>Source\D3D11\old</Filter>
    </ClInclude>
    <ClInclude Include="oD3D11Device.h">
      <Filter>Source\D3D11\old</Filter>
    </ClInclude>
    <ClInclude Include="oD3D11CommandList.h">
      <Filter>Source\D3D11\old</Filter>
    </ClInclude>
    <ClInclude Include="d3d_util.h">
      <Filter>Source\D3D11</Filter>
    </ClInclude>
    <ClInclude Include="..\..\Include\oGPU\oGPU.h">
      <Filter>Headers\old</Filter>
    </ClInclude>
    <ClInclude Include="..\..\Include\oGPU\oGPUUtilMesh.h">
      <Filter>Headers\old</Filter>
    </ClInclude>
    <ClInclude Include="..\..\Include\oGPU\vertex_layouts.h">
      <Filter>Headers\old</Filter>
    </ClInclude>
    <ClInclude Include="..\..\Include\oGPU\constant_buffer.h">
      <Filter>Headers\buffers</Filter>
    </ClInclude>
    <ClInclude Include="..\..\Include\oGPU\index_buffer.h">
      <Filter>Headers\buffers</Filter>
    </ClInclude>
    <ClInclude Include="..\..\Include\oGPU\raw_buffer.h">
      <Filter>Headers\buffers</Filter>
    </ClInclude>
    <ClInclude Include="..\..\Include\oGPU\readback_buffer.h">
      <Filter>Headers\buffers</Filter>
    </ClInclude>
    <ClInclude Include="..\..\Include\oGPU\rwstructured_buffer.h">
      <Filter>Headers\buffers</Filter>
    </ClInclude>
    <ClInclude Include="..\..\Include\oGPU\vertex_buffer.h">
      <Filter>Headers\buffers</Filter>
    </ClInclude>
    <ClInclude Include="..\..\Include\oGPU\compute_target.h">
      <Filter>Headers\buffers</Filter>
    </ClInclude>
    <ClInclude Include="..\..\Include\oGPU\resource.h">
      <Filter>Headers\textures</Filter>
    </ClInclude>
    <ClInclude Include="..\..\Include\oGPU\texture1d.h">
      <Filter>Headers\textures</Filter>
    </ClInclude>
    <ClInclude Include="..\..\Include\oGPU\texture2d.h">
      <Filter>Headers\textures</Filter>
    </ClInclude>
    <ClInclude Include="..\..\Include\oGPU\texture3d.h">
      <Filter>Headers\textures</Filter>
    </ClInclude>
    <ClInclude Include="..\..\Include\oGPU\texturecube.h">
      <Filter>Headers\textures</Filter>
    </ClInclude>
    <ClInclude Include="..\..\Include\oGPU\color_target.h">
      <Filter>Headers\targets</Filter>
    </ClInclude>
    <ClInclude Include="..\..\Include\oGPU\depth_target.h">
      <Filter>Headers\targets</Filter>
    </ClInclude>
    <ClInclude Include="..\..\Include\oGPU\primary_target.h">
      <Filter>Headers\targets</Filter>
    </ClInclude>
  </ItemGroup>
  <ItemGroup>
    <Filter Include="Headers">
      <UniqueIdentifier>{2e43fcc8-7a2c-4c31-b3fa-0afa92967c1f}</UniqueIdentifier>
    </Filter>
    <Filter Include="Source">
      <UniqueIdentifier>{8296491c-a15c-4f32-bf7b-dc833625e4d5}</UniqueIdentifier>
    </Filter>
    <Filter Include="Source\D3D11">
      <UniqueIdentifier>{1adba936-89bf-4e16-830f-fb5c7b91e8a1}</UniqueIdentifier>
    </Filter>
    <Filter Include="Source\D3D11\old">
      <UniqueIdentifier>{78d15434-7ecb-49c7-99de-c973232b3524}</UniqueIdentifier>
    </Filter>
    <Filter Include="Headers\old">
      <UniqueIdentifier>{e87d699e-915e-41dd-ad55-7d6d031bae6f}</UniqueIdentifier>
    </Filter>
    <Filter Include="Headers\buffers">
      <UniqueIdentifier>{bb648167-5cd7-4cc8-887e-07729e3d5991}</UniqueIdentifier>
    </Filter>
    <Filter Include="Headers\textures">
      <UniqueIdentifier>{5731cffe-cb32-4061-ae90-439809fc0370}</UniqueIdentifier>
    </Filter>
    <Filter Include="Source\buffers">
      <UniqueIdentifier>{b2429f9c-41e1-444a-bc12-e25b135b292c}</UniqueIdentifier>
    </Filter>
    <Filter Include="Source\textures">
      <UniqueIdentifier>{34773b8d-9df1-4127-8abd-a28870715129}</UniqueIdentifier>
    </Filter>
    <Filter Include="Headers\targets">
      <UniqueIdentifier>{7c909ef5-330d-4af5-9ddc-d4c1339cba9c}</UniqueIdentifier>
    </Filter>
    <Filter Include="Source\targets">
      <UniqueIdentifier>{7851f528-80be-42d3-bb05-7999692c08e1}</UniqueIdentifier>
    </Filter>
  </ItemGroup>
  <ItemGroup>
    <CustomBuild Include="oGPUShaders.hlsl">
      <Filter>Source\D3D11</Filter>
    </CustomBuild>
  </ItemGroup>
  <ItemGroup>
    <None Include="oGPUShaders.txt">
      <Filter>Source\D3D11</Filter>
    </None>
  </ItemGroup>
</Project>